// !$*UTF8*$!
{
	archiveVersion = 1;
	classes = {
	};
	objectVersion = 48;
	objects = {

/* Begin PBXBuildFile section */
		40CC4DC81F91C13F0093A9B8 /* AppDelegate.m in Sources */ = {isa = PBXBuildFile; fileRef = 40CC4DC71F91C13F0093A9B8 /* AppDelegate.m */; };
		40CC4DCA1F91C13F0093A9B8 /* Assets.xcassets in Resources */ = {isa = PBXBuildFile; fileRef = 40CC4DC91F91C13F0093A9B8 /* Assets.xcassets */; };
		40CC4DCD1F91C13F0093A9B8 /* MainMenu.xib in Resources */ = {isa = PBXBuildFile; fileRef = 40CC4DCB1F91C13F0093A9B8 /* MainMenu.xib */; };
		40CC4DD01F91C13F0093A9B8 /* main.m in Sources */ = {isa = PBXBuildFile; fileRef = 40CC4DCF1F91C13F0093A9B8 /* main.m */; };
/* End PBXBuildFile section */

/* Begin PBXFileReference section */
		40CC4DC31F91C13F0093A9B8 /* Password Factory Helper.app */ = {isa = PBXFileReference; explicitFileType = wrapper.application; includeInIndex = 0; path = "Password Factory Helper.app"; sourceTree = BUILT_PRODUCTS_DIR; };
		40CC4DC61F91C13F0093A9B8 /* AppDelegate.h */ = {isa = PBXFileReference; lastKnownFileType = sourcecode.c.h; path = AppDelegate.h; sourceTree = "<group>"; };
		40CC4DC71F91C13F0093A9B8 /* AppDelegate.m */ = {isa = PBXFileReference; lastKnownFileType = sourcecode.c.objc; path = AppDelegate.m; sourceTree = "<group>"; };
		40CC4DC91F91C13F0093A9B8 /* Assets.xcassets */ = {isa = PBXFileReference; lastKnownFileType = folder.assetcatalog; path = Assets.xcassets; sourceTree = "<group>"; };
		40CC4DCC1F91C13F0093A9B8 /* Base */ = {isa = PBXFileReference; lastKnownFileType = file.xib; name = Base; path = Base.lproj/MainMenu.xib; sourceTree = "<group>"; };
		40CC4DCE1F91C13F0093A9B8 /* Info.plist */ = {isa = PBXFileReference; lastKnownFileType = text.plist.xml; path = Info.plist; sourceTree = "<group>"; };
		40CC4DCF1F91C13F0093A9B8 /* main.m */ = {isa = PBXFileReference; lastKnownFileType = sourcecode.c.objc; path = main.m; sourceTree = "<group>"; };
		40CC4DD11F91C13F0093A9B8 /* Password_Factory_Helper.entitlements */ = {isa = PBXFileReference; lastKnownFileType = text.plist.entitlements; path = Password_Factory_Helper.entitlements; sourceTree = "<group>"; };
/* End PBXFileReference section */

/* Begin PBXFrameworksBuildPhase section */
		40CC4DC01F91C13F0093A9B8 /* Frameworks */ = {
			isa = PBXFrameworksBuildPhase;
			buildActionMask = 2147483647;
			files = (
			);
			runOnlyForDeploymentPostprocessing = 0;
		};
/* End PBXFrameworksBuildPhase section */

/* Begin PBXGroup section */
		40CC4DBA1F91C13F0093A9B8 = {
			isa = PBXGroup;
			children = (
				40CC4DC51F91C13F0093A9B8 /* Password Factory Helper */,
				40CC4DC41F91C13F0093A9B8 /* Products */,
			);
			sourceTree = "<group>";
		};
		40CC4DC41F91C13F0093A9B8 /* Products */ = {
			isa = PBXGroup;
			children = (
				40CC4DC31F91C13F0093A9B8 /* Password Factory Helper.app */,
			);
			name = Products;
			sourceTree = "<group>";
		};
		40CC4DC51F91C13F0093A9B8 /* Password Factory Helper */ = {
			isa = PBXGroup;
			children = (
				40CC4DC61F91C13F0093A9B8 /* AppDelegate.h */,
				40CC4DC71F91C13F0093A9B8 /* AppDelegate.m */,
				40CC4DC91F91C13F0093A9B8 /* Assets.xcassets */,
				40CC4DCB1F91C13F0093A9B8 /* MainMenu.xib */,
				40CC4DCE1F91C13F0093A9B8 /* Info.plist */,
				40CC4DCF1F91C13F0093A9B8 /* main.m */,
				40CC4DD11F91C13F0093A9B8 /* Password_Factory_Helper.entitlements */,
			);
			path = "Password Factory Helper";
			sourceTree = "<group>";
		};
/* End PBXGroup section */

/* Begin PBXNativeTarget section */
		40CC4DC21F91C13F0093A9B8 /* Password Factory Helper */ = {
			isa = PBXNativeTarget;
			buildConfigurationList = 40CC4DD41F91C13F0093A9B8 /* Build configuration list for PBXNativeTarget "Password Factory Helper" */;
			buildPhases = (
				40CC4DBF1F91C13F0093A9B8 /* Sources */,
				40CC4DC01F91C13F0093A9B8 /* Frameworks */,
				40CC4DC11F91C13F0093A9B8 /* Resources */,
			);
			buildRules = (
			);
			dependencies = (
			);
			name = "Password Factory Helper";
			productName = "Password Factory Helper";
			productReference = 40CC4DC31F91C13F0093A9B8 /* Password Factory Helper.app */;
			productType = "com.apple.product-type.application";
		};
/* End PBXNativeTarget section */

/* Begin PBXProject section */
		40CC4DBB1F91C13F0093A9B8 /* Project object */ = {
			isa = PBXProject;
			attributes = {
				LastUpgradeCheck = 0900;
				ORGANIZATIONNAME = "Cristiana Yambo";
				TargetAttributes = {
					40CC4DC21F91C13F0093A9B8 = {
						CreatedOnToolsVersion = 9.0;
						ProvisioningStyle = Manual;
					};
				};
			};
			buildConfigurationList = 40CC4DBE1F91C13F0093A9B8 /* Build configuration list for PBXProject "Password Factory Helper" */;
			compatibilityVersion = "Xcode 8.0";
			developmentRegion = en;
			hasScannedForEncodings = 0;
			knownRegions = (
				en,
				Base,
			);
			mainGroup = 40CC4DBA1F91C13F0093A9B8;
			productRefGroup = 40CC4DC41F91C13F0093A9B8 /* Products */;
			projectDirPath = "";
			projectRoot = "";
			targets = (
				40CC4DC21F91C13F0093A9B8 /* Password Factory Helper */,
			);
		};
/* End PBXProject section */

/* Begin PBXResourcesBuildPhase section */
		40CC4DC11F91C13F0093A9B8 /* Resources */ = {
			isa = PBXResourcesBuildPhase;
			buildActionMask = 2147483647;
			files = (
				40CC4DCA1F91C13F0093A9B8 /* Assets.xcassets in Resources */,
				40CC4DCD1F91C13F0093A9B8 /* MainMenu.xib in Resources */,
			);
			runOnlyForDeploymentPostprocessing = 0;
		};
/* End PBXResourcesBuildPhase section */

/* Begin PBXSourcesBuildPhase section */
		40CC4DBF1F91C13F0093A9B8 /* Sources */ = {
			isa = PBXSourcesBuildPhase;
			buildActionMask = 2147483647;
			files = (
				40CC4DD01F91C13F0093A9B8 /* main.m in Sources */,
				40CC4DC81F91C13F0093A9B8 /* AppDelegate.m in Sources */,
			);
			runOnlyForDeploymentPostprocessing = 0;
		};
/* End PBXSourcesBuildPhase section */

/* Begin PBXVariantGroup section */
		40CC4DCB1F91C13F0093A9B8 /* MainMenu.xib */ = {
			isa = PBXVariantGroup;
			children = (
				40CC4DCC1F91C13F0093A9B8 /* Base */,
			);
			name = MainMenu.xib;
			sourceTree = "<group>";
		};
/* End PBXVariantGroup section */

/* Begin XCBuildConfiguration section */
		40CC4DD21F91C13F0093A9B8 /* Debug */ = {
			isa = XCBuildConfiguration;
			buildSettings = {
				ALWAYS_SEARCH_USER_PATHS = NO;
				CLANG_ANALYZER_NONNULL = YES;
				CLANG_ANALYZER_NUMBER_OBJECT_CONVERSION = YES_AGGRESSIVE;
				CLANG_CXX_LANGUAGE_STANDARD = "gnu++14";
				CLANG_CXX_LIBRARY = "libc++";
				CLANG_ENABLE_MODULES = YES;
				CLANG_ENABLE_OBJC_ARC = YES;
				CLANG_WARN_BLOCK_CAPTURE_AUTORELEASING = YES;
				CLANG_WARN_BOOL_CONVERSION = YES;
				CLANG_WARN_COMMA = YES;
				CLANG_WARN_CONSTANT_CONVERSION = YES;
				CLANG_WARN_DIRECT_OBJC_ISA_USAGE = YES_ERROR;
				CLANG_WARN_DOCUMENTATION_COMMENTS = YES;
				CLANG_WARN_EMPTY_BODY = YES;
				CLANG_WARN_ENUM_CONVERSION = YES;
				CLANG_WARN_INFINITE_RECURSION = YES;
				CLANG_WARN_INT_CONVERSION = YES;
				CLANG_WARN_NON_LITERAL_NULL_CONVERSION = YES;
				CLANG_WARN_OBJC_LITERAL_CONVERSION = YES;
				CLANG_WARN_OBJC_ROOT_CLASS = YES_ERROR;
				CLANG_WARN_RANGE_LOOP_ANALYSIS = YES;
				CLANG_WARN_STRICT_PROTOTYPES = YES;
				CLANG_WARN_SUSPICIOUS_MOVE = YES;
				CLANG_WARN_UNGUARDED_AVAILABILITY = YES_AGGRESSIVE;
				CLANG_WARN_UNREACHABLE_CODE = YES;
				CLANG_WARN__DUPLICATE_METHOD_MATCH = YES;
				CODE_SIGN_IDENTITY = "Mac Developer";
				COPY_PHASE_STRIP = NO;
				DEBUG_INFORMATION_FORMAT = dwarf;
				ENABLE_STRICT_OBJC_MSGSEND = YES;
				ENABLE_TESTABILITY = YES;
				GCC_C_LANGUAGE_STANDARD = gnu11;
				GCC_DYNAMIC_NO_PIC = NO;
				GCC_NO_COMMON_BLOCKS = YES;
				GCC_OPTIMIZATION_LEVEL = 0;
				GCC_PREPROCESSOR_DEFINITIONS = (
					"DEBUG=1",
					"$(inherited)",
				);
				GCC_WARN_64_TO_32_BIT_CONVERSION = YES;
				GCC_WARN_ABOUT_RETURN_TYPE = YES_ERROR;
				GCC_WARN_UNDECLARED_SELECTOR = YES;
				GCC_WARN_UNINITIALIZED_AUTOS = YES_AGGRESSIVE;
				GCC_WARN_UNUSED_FUNCTION = YES;
				GCC_WARN_UNUSED_VARIABLE = YES;
				MACOSX_DEPLOYMENT_TARGET = 10.11;
				MTL_ENABLE_DEBUG_INFO = YES;
				ONLY_ACTIVE_ARCH = YES;
				SDKROOT = macosx;
			};
			name = Debug;
		};
		40CC4DD31F91C13F0093A9B8 /* Release */ = {
			isa = XCBuildConfiguration;
			buildSettings = {
				ALWAYS_SEARCH_USER_PATHS = NO;
				CLANG_ANALYZER_NONNULL = YES;
				CLANG_ANALYZER_NUMBER_OBJECT_CONVERSION = YES_AGGRESSIVE;
				CLANG_CXX_LANGUAGE_STANDARD = "gnu++14";
				CLANG_CXX_LIBRARY = "libc++";
				CLANG_ENABLE_MODULES = YES;
				CLANG_ENABLE_OBJC_ARC = YES;
				CLANG_WARN_BLOCK_CAPTURE_AUTORELEASING = YES;
				CLANG_WARN_BOOL_CONVERSION = YES;
				CLANG_WARN_COMMA = YES;
				CLANG_WARN_CONSTANT_CONVERSION = YES;
				CLANG_WARN_DIRECT_OBJC_ISA_USAGE = YES_ERROR;
				CLANG_WARN_DOCUMENTATION_COMMENTS = YES;
				CLANG_WARN_EMPTY_BODY = YES;
				CLANG_WARN_ENUM_CONVERSION = YES;
				CLANG_WARN_INFINITE_RECURSION = YES;
				CLANG_WARN_INT_CONVERSION = YES;
				CLANG_WARN_NON_LITERAL_NULL_CONVERSION = YES;
				CLANG_WARN_OBJC_LITERAL_CONVERSION = YES;
				CLANG_WARN_OBJC_ROOT_CLASS = YES_ERROR;
				CLANG_WARN_RANGE_LOOP_ANALYSIS = YES;
				CLANG_WARN_STRICT_PROTOTYPES = YES;
				CLANG_WARN_SUSPICIOUS_MOVE = YES;
				CLANG_WARN_UNGUARDED_AVAILABILITY = YES_AGGRESSIVE;
				CLANG_WARN_UNREACHABLE_CODE = YES;
				CLANG_WARN__DUPLICATE_METHOD_MATCH = YES;
				CODE_SIGN_IDENTITY = "Mac Developer";
				COPY_PHASE_STRIP = NO;
				DEBUG_INFORMATION_FORMAT = "dwarf-with-dsym";
				ENABLE_NS_ASSERTIONS = NO;
				ENABLE_STRICT_OBJC_MSGSEND = YES;
				GCC_C_LANGUAGE_STANDARD = gnu11;
				GCC_NO_COMMON_BLOCKS = YES;
				GCC_WARN_64_TO_32_BIT_CONVERSION = YES;
				GCC_WARN_ABOUT_RETURN_TYPE = YES_ERROR;
				GCC_WARN_UNDECLARED_SELECTOR = YES;
				GCC_WARN_UNINITIALIZED_AUTOS = YES_AGGRESSIVE;
				GCC_WARN_UNUSED_FUNCTION = YES;
				GCC_WARN_UNUSED_VARIABLE = YES;
				MACOSX_DEPLOYMENT_TARGET = 10.11;
				MTL_ENABLE_DEBUG_INFO = NO;
				SDKROOT = macosx;
			};
			name = Release;
		};
		40CC4DD51F91C13F0093A9B8 /* Debug */ = {
			isa = XCBuildConfiguration;
			buildSettings = {
				ASSETCATALOG_COMPILER_APPICON_NAME = AppIcon;
				CODE_SIGN_ENTITLEMENTS = "Password Factory Helper/Password_Factory_Helper.entitlements";
				CODE_SIGN_STYLE = Manual;
				COMBINE_HIDPI_IMAGES = YES;
				DEVELOPMENT_TEAM = XWE2VMM384;
				INFOPLIST_FILE = "Password Factory Helper/Info.plist";
				LD_RUNPATH_SEARCH_PATHS = "$(inherited) @executable_path/../Frameworks";
				MACOSX_DEPLOYMENT_TARGET = 10.11;
				PRODUCT_BUNDLE_IDENTIFIER = "com.cloudthirteen.Password-Factory-Helper";
				PRODUCT_NAME = "$(TARGET_NAME)";
				PROVISIONING_PROFILE_SPECIFIER = "";
			};
			name = Debug;
		};
		40CC4DD61F91C13F0093A9B8 /* Release */ = {
			isa = XCBuildConfiguration;
			buildSettings = {
				ASSETCATALOG_COMPILER_APPICON_NAME = AppIcon;
				CODE_SIGN_ENTITLEMENTS = "Password Factory Helper/Password_Factory_Helper.entitlements";
				CODE_SIGN_IDENTITY = "3rd Party Mac Developer Application";
				CODE_SIGN_STYLE = Manual;
				COMBINE_HIDPI_IMAGES = YES;
				DEVELOPMENT_TEAM = XWE2VMM384;
				INFOPLIST_FILE = "Password Factory Helper/Info.plist";
				LD_RUNPATH_SEARCH_PATHS = "$(inherited) @executable_path/../Frameworks";
				MACOSX_DEPLOYMENT_TARGET = 10.11;
				PRODUCT_BUNDLE_IDENTIFIER = "com.cloudthirteen.Password-Factory-Helper";
				PRODUCT_NAME = "$(TARGET_NAME)";
				PROVISIONING_PROFILE = "a9882e6c-8829-4807-99da-226906562c4b";
				PROVISIONING_PROFILE_SPECIFIER = "Mac App Store Distribution";
			};
			name = Release;
		};
/* End XCBuildConfiguration section */

/* Begin XCConfigurationList section */
		40CC4DBE1F91C13F0093A9B8 /* Build configuration list for PBXProject "Password Factory Helper" */ = {
			isa = XCConfigurationList;
			buildConfigurations = (
				40CC4DD21F91C13F0093A9B8 /* Debug */,
				40CC4DD31F91C13F0093A9B8 /* Release */,
			);
			defaultConfigurationIsVisible = 0;
			defaultConfigurationName = Release;
		};
		40CC4DD41F91C13F0093A9B8 /* Build configuration list for PBXNativeTarget "Password Factory Helper" */ = {
			isa = XCConfigurationList;
			buildConfigurations = (
				40CC4DD51F91C13F0093A9B8 /* Debug */,
				40CC4DD61F91C13F0093A9B8 /* Release */,
			);
			defaultConfigurationIsVisible = 0;
			defaultConfigurationName = Release;
		};
/* End XCConfigurationList section */
	};
	rootObject = 40CC4DBB1F91C13F0093A9B8 /* Project object */;
}
