// !$*UTF8*$!
{
	archiveVersion = 1;
	classes = {
	};
	objectVersion = 46;
	objects = {

/* Begin PBXBuildFile section */
		409585CF1B8112D600393B99 /* MasterViewControllerTestClass.m in Sources */ = {isa = PBXBuildFile; fileRef = 409585C91B8112D600393B99 /* MasterViewControllerTestClass.m */; };
		409585D01B8112D600393B99 /* MasterViewControllerTests.m in Sources */ = {isa = PBXBuildFile; fileRef = 409585CA1B8112D600393B99 /* MasterViewControllerTests.m */; };
		409585D11B8112D600393B99 /* PasswordFactoryTests.m in Sources */ = {isa = PBXBuildFile; fileRef = 409585CB1B8112D600393B99 /* PasswordFactoryTests.m */; };
		409585D21B8112D600393B99 /* PreferencesWindowTestClass.m in Sources */ = {isa = PBXBuildFile; fileRef = 409585CD1B8112D600393B99 /* PreferencesWindowTestClass.m */; };
		409585D31B8112D600393B99 /* PreferencesWindowTests.m in Sources */ = {isa = PBXBuildFile; fileRef = 409585CE1B8112D600393B99 /* PreferencesWindowTests.m */; };
		4095860F1B8112FD00393B99 /* bad_words.json in Resources */ = {isa = PBXBuildFile; fileRef = 409585D51B8112FD00393B99 /* bad_words.json */; };
		409586101B8112FD00393B99 /* defaults.plist in Resources */ = {isa = PBXBuildFile; fileRef = 409585D61B8112FD00393B99 /* defaults.plist */; };
		409586111B8112FD00393B99 /* menu-icon-inv.png in Resources */ = {isa = PBXBuildFile; fileRef = 409585D71B8112FD00393B99 /* menu-icon-inv.png */; };
		409586121B8112FD00393B99 /* menu-icon-inv@2x.png in Resources */ = {isa = PBXBuildFile; fileRef = 409585D81B8112FD00393B99 /* menu-icon-inv@2x.png */; };
		409586131B8112FD00393B99 /* menu-icon.png in Resources */ = {isa = PBXBuildFile; fileRef = 409585D91B8112FD00393B99 /* menu-icon.png */; };
		409586141B8112FD00393B99 /* menu-icon@2x.png in Resources */ = {isa = PBXBuildFile; fileRef = 409585DA1B8112FD00393B99 /* menu-icon@2x.png */; };
		409586261B8112FD00393B99 /* StyleKit.m in Sources */ = {isa = PBXBuildFile; fileRef = 409585F61B8112FD00393B99 /* StyleKit.m */; };
		409586271B8112FD00393B99 /* NSColor+NSColorHexadecimalValue.m in Sources */ = {isa = PBXBuildFile; fileRef = 409585F91B8112FD00393B99 /* NSColor+NSColorHexadecimalValue.m */; };
		409586281B8112FD00393B99 /* NSWindow+canBecomeKeyWindow.m in Sources */ = {isa = PBXBuildFile; fileRef = 409585FB1B8112FD00393B99 /* NSWindow+canBecomeKeyWindow.m */; };
		409586291B8112FD00393B99 /* PreferencesButton.m in Sources */ = {isa = PBXBuildFile; fileRef = 409585FE1B8112FD00393B99 /* PreferencesButton.m */; };
		4095862A1B8112FD00393B99 /* StrengthMeter.m in Sources */ = {isa = PBXBuildFile; fileRef = 409586001B8112FD00393B99 /* StrengthMeter.m */; };
		4095862B1B8112FD00393B99 /* StatusView.m in Sources */ = {isa = PBXBuildFile; fileRef = 409586041B8112FD00393B99 /* StatusView.m */; };
		4095862C1B8112FD00393B99 /* PasswordFactory.m in Sources */ = {isa = PBXBuildFile; fileRef = 409586071B8112FD00393B99 /* PasswordFactory.m */; };
		4095862D1B8112FD00393B99 /* MasterViewController.m in Sources */ = {isa = PBXBuildFile; fileRef = 4095860A1B8112FD00393B99 /* MasterViewController.m */; };
		4095862E1B8112FD00393B99 /* MasterViewController.xib in Resources */ = {isa = PBXBuildFile; fileRef = 4095860B1B8112FD00393B99 /* MasterViewController.xib */; };
		4095862F1B8112FD00393B99 /* PreferencesWindowController.m in Sources */ = {isa = PBXBuildFile; fileRef = 4095860D1B8112FD00393B99 /* PreferencesWindowController.m */; };
		409586301B8112FD00393B99 /* PreferencesWindowController.xib in Resources */ = {isa = PBXBuildFile; fileRef = 4095860E1B8112FD00393B99 /* PreferencesWindowController.xib */; };
		409586321B81131100393B99 /* PasswordFactory.help in Resources */ = {isa = PBXBuildFile; fileRef = 409586311B81131100393B99 /* PasswordFactory.help */; };
		40DFFEE41B811F470047CF90 /* MainWindow.m in Sources */ = {isa = PBXBuildFile; fileRef = 40DFFEE31B811F470047CF90 /* MainWindow.m */; };
		40FB0C221B810F10009193F8 /* AppDelegate.m in Sources */ = {isa = PBXBuildFile; fileRef = 40FB0C211B810F10009193F8 /* AppDelegate.m */; };
		40FB0C241B810F10009193F8 /* main.m in Sources */ = {isa = PBXBuildFile; fileRef = 40FB0C231B810F10009193F8 /* main.m */; };
		40FB0C261B810F10009193F8 /* Images.xcassets in Resources */ = {isa = PBXBuildFile; fileRef = 40FB0C251B810F10009193F8 /* Images.xcassets */; };
		40FB0C291B810F10009193F8 /* MainMenu.xib in Resources */ = {isa = PBXBuildFile; fileRef = 40FB0C271B810F10009193F8 /* MainMenu.xib */; };
		BB1E172239050C911ACB289A /* libPods-Password Factory.a in Frameworks */ = {isa = PBXBuildFile; fileRef = 859C6F374BB62F7214302EA7 /* libPods-Password Factory.a */; };
		FFB25E0E689C2DE275FE5157 /* libPods-Password FactoryTests.a in Frameworks */ = {isa = PBXBuildFile; fileRef = 8D133D170B36EEF7085404B5 /* libPods-Password FactoryTests.a */; };
/* End PBXBuildFile section */

/* Begin PBXContainerItemProxy section */
		40FB0C2F1B810F10009193F8 /* PBXContainerItemProxy */ = {
			isa = PBXContainerItemProxy;
			containerPortal = 40FB0C131B810F10009193F8 /* Project object */;
			proxyType = 1;
			remoteGlobalIDString = 40FB0C1A1B810F10009193F8;
			remoteInfo = "Password Factory";
		};
/* End PBXContainerItemProxy section */

/* Begin PBXFileReference section */
		132E358EAA30C1AC8D546220 /* Pods-Password FactoryTests.release.xcconfig */ = {isa = PBXFileReference; includeInIndex = 1; lastKnownFileType = text.xcconfig; name = "Pods-Password FactoryTests.release.xcconfig"; path = "Pods/Target Support Files/Pods-Password FactoryTests/Pods-Password FactoryTests.release.xcconfig"; sourceTree = "<group>"; };
		409585C81B8112D600393B99 /* MasterViewControllerTestClass.h */ = {isa = PBXFileReference; fileEncoding = 4; lastKnownFileType = sourcecode.c.h; path = MasterViewControllerTestClass.h; sourceTree = "<group>"; };
		409585C91B8112D600393B99 /* MasterViewControllerTestClass.m */ = {isa = PBXFileReference; fileEncoding = 4; lastKnownFileType = sourcecode.c.objc; path = MasterViewControllerTestClass.m; sourceTree = "<group>"; };
		409585CA1B8112D600393B99 /* MasterViewControllerTests.m */ = {isa = PBXFileReference; fileEncoding = 4; lastKnownFileType = sourcecode.c.objc; path = MasterViewControllerTests.m; sourceTree = "<group>"; };
		409585CB1B8112D600393B99 /* PasswordFactoryTests.m */ = {isa = PBXFileReference; fileEncoding = 4; lastKnownFileType = sourcecode.c.objc; path = PasswordFactoryTests.m; sourceTree = "<group>"; };
		409585CC1B8112D600393B99 /* PreferencesWindowTestClass.h */ = {isa = PBXFileReference; fileEncoding = 4; lastKnownFileType = sourcecode.c.h; path = PreferencesWindowTestClass.h; sourceTree = "<group>"; };
		409585CD1B8112D600393B99 /* PreferencesWindowTestClass.m */ = {isa = PBXFileReference; fileEncoding = 4; lastKnownFileType = sourcecode.c.objc; path = PreferencesWindowTestClass.m; sourceTree = "<group>"; };
		409585CE1B8112D600393B99 /* PreferencesWindowTests.m */ = {isa = PBXFileReference; fileEncoding = 4; lastKnownFileType = sourcecode.c.objc; path = PreferencesWindowTests.m; sourceTree = "<group>"; };
		409585D51B8112FD00393B99 /* bad_words.json */ = {isa = PBXFileReference; fileEncoding = 4; lastKnownFileType = text.json; path = bad_words.json; sourceTree = "<group>"; };
		409585D61B8112FD00393B99 /* defaults.plist */ = {isa = PBXFileReference; fileEncoding = 4; lastKnownFileType = text.plist.xml; path = defaults.plist; sourceTree = "<group>"; };
		409585D71B8112FD00393B99 /* menu-icon-inv.png */ = {isa = PBXFileReference; lastKnownFileType = image.png; path = "menu-icon-inv.png"; sourceTree = "<group>"; };
		409585D81B8112FD00393B99 /* menu-icon-inv@2x.png */ = {isa = PBXFileReference; lastKnownFileType = image.png; path = "menu-icon-inv@2x.png"; sourceTree = "<group>"; };
		409585D91B8112FD00393B99 /* menu-icon.png */ = {isa = PBXFileReference; lastKnownFileType = image.png; path = "menu-icon.png"; sourceTree = "<group>"; };
		409585DA1B8112FD00393B99 /* menu-icon@2x.png */ = {isa = PBXFileReference; lastKnownFileType = image.png; path = "menu-icon@2x.png"; sourceTree = "<group>"; };
		409585F51B8112FD00393B99 /* StyleKit.h */ = {isa = PBXFileReference; fileEncoding = 4; lastKnownFileType = sourcecode.c.h; path = StyleKit.h; sourceTree = "<group>"; };
		409585F61B8112FD00393B99 /* StyleKit.m */ = {isa = PBXFileReference; fileEncoding = 4; lastKnownFileType = sourcecode.c.objc; path = StyleKit.m; sourceTree = "<group>"; };
		409585F81B8112FD00393B99 /* NSColor+NSColorHexadecimalValue.h */ = {isa = PBXFileReference; fileEncoding = 4; lastKnownFileType = sourcecode.c.h; path = "NSColor+NSColorHexadecimalValue.h"; sourceTree = "<group>"; };
		409585F91B8112FD00393B99 /* NSColor+NSColorHexadecimalValue.m */ = {isa = PBXFileReference; fileEncoding = 4; lastKnownFileType = sourcecode.c.objc; path = "NSColor+NSColorHexadecimalValue.m"; sourceTree = "<group>"; };
		409585FA1B8112FD00393B99 /* NSWindow+canBecomeKeyWindow.h */ = {isa = PBXFileReference; fileEncoding = 4; lastKnownFileType = sourcecode.c.h; path = "NSWindow+canBecomeKeyWindow.h"; sourceTree = "<group>"; };
		409585FB1B8112FD00393B99 /* NSWindow+canBecomeKeyWindow.m */ = {isa = PBXFileReference; fileEncoding = 4; lastKnownFileType = sourcecode.c.objc; path = "NSWindow+canBecomeKeyWindow.m"; sourceTree = "<group>"; };
		409585FD1B8112FD00393B99 /* PreferencesButton.h */ = {isa = PBXFileReference; fileEncoding = 4; lastKnownFileType = sourcecode.c.h; path = PreferencesButton.h; sourceTree = "<group>"; };
		409585FE1B8112FD00393B99 /* PreferencesButton.m */ = {isa = PBXFileReference; fileEncoding = 4; lastKnownFileType = sourcecode.c.objc; path = PreferencesButton.m; sourceTree = "<group>"; };
		409585FF1B8112FD00393B99 /* StrengthMeter.h */ = {isa = PBXFileReference; fileEncoding = 4; lastKnownFileType = sourcecode.c.h; path = StrengthMeter.h; sourceTree = "<group>"; };
		409586001B8112FD00393B99 /* StrengthMeter.m */ = {isa = PBXFileReference; fileEncoding = 4; lastKnownFileType = sourcecode.c.objc; path = StrengthMeter.m; sourceTree = "<group>"; };
		409586021B8112FD00393B99 /* StatusBarType.h */ = {isa = PBXFileReference; fileEncoding = 4; lastKnownFileType = sourcecode.c.h; path = StatusBarType.h; sourceTree = "<group>"; };
		409586031B8112FD00393B99 /* StatusView.h */ = {isa = PBXFileReference; fileEncoding = 4; lastKnownFileType = sourcecode.c.h; path = StatusView.h; sourceTree = "<group>"; };
		409586041B8112FD00393B99 /* StatusView.m */ = {isa = PBXFileReference; fileEncoding = 4; lastKnownFileType = sourcecode.c.objc; path = StatusView.m; sourceTree = "<group>"; };
		409586061B8112FD00393B99 /* PasswordFactory.h */ = {isa = PBXFileReference; fileEncoding = 4; lastKnownFileType = sourcecode.c.h; path = PasswordFactory.h; sourceTree = "<group>"; };
		409586071B8112FD00393B99 /* PasswordFactory.m */ = {isa = PBXFileReference; fileEncoding = 4; lastKnownFileType = sourcecode.c.objc; path = PasswordFactory.m; sourceTree = "<group>"; };
		409586091B8112FD00393B99 /* MasterViewController.h */ = {isa = PBXFileReference; fileEncoding = 4; lastKnownFileType = sourcecode.c.h; path = MasterViewController.h; sourceTree = "<group>"; };
		4095860A1B8112FD00393B99 /* MasterViewController.m */ = {isa = PBXFileReference; fileEncoding = 4; lastKnownFileType = sourcecode.c.objc; path = MasterViewController.m; sourceTree = "<group>"; };
		4095860B1B8112FD00393B99 /* MasterViewController.xib */ = {isa = PBXFileReference; fileEncoding = 4; lastKnownFileType = file.xib; path = MasterViewController.xib; sourceTree = "<group>"; };
		4095860C1B8112FD00393B99 /* PreferencesWindowController.h */ = {isa = PBXFileReference; fileEncoding = 4; lastKnownFileType = sourcecode.c.h; path = PreferencesWindowController.h; sourceTree = "<group>"; };
		4095860D1B8112FD00393B99 /* PreferencesWindowController.m */ = {isa = PBXFileReference; fileEncoding = 4; lastKnownFileType = sourcecode.c.objc; path = PreferencesWindowController.m; sourceTree = "<group>"; };
		4095860E1B8112FD00393B99 /* PreferencesWindowController.xib */ = {isa = PBXFileReference; fileEncoding = 4; lastKnownFileType = file.xib; path = PreferencesWindowController.xib; sourceTree = "<group>"; };
		409586311B81131100393B99 /* PasswordFactory.help */ = {isa = PBXFileReference; lastKnownFileType = folder; path = PasswordFactory.help; sourceTree = "<group>"; };
		40DFFEE21B811F470047CF90 /* MainWindow.h */ = {isa = PBXFileReference; fileEncoding = 4; lastKnownFileType = sourcecode.c.h; path = MainWindow.h; sourceTree = "<group>"; };
		40DFFEE31B811F470047CF90 /* MainWindow.m */ = {isa = PBXFileReference; fileEncoding = 4; lastKnownFileType = sourcecode.c.objc; path = MainWindow.m; sourceTree = "<group>"; };
		40FB0C1B1B810F10009193F8 /* Password Factory.app */ = {isa = PBXFileReference; explicitFileType = wrapper.application; includeInIndex = 0; path = "Password Factory.app"; sourceTree = BUILT_PRODUCTS_DIR; };
		40FB0C1F1B810F10009193F8 /* Info.plist */ = {isa = PBXFileReference; lastKnownFileType = text.plist.xml; path = Info.plist; sourceTree = "<group>"; };
		40FB0C201B810F10009193F8 /* AppDelegate.h */ = {isa = PBXFileReference; lastKnownFileType = sourcecode.c.h; path = AppDelegate.h; sourceTree = "<group>"; };
		40FB0C211B810F10009193F8 /* AppDelegate.m */ = {isa = PBXFileReference; lastKnownFileType = sourcecode.c.objc; path = AppDelegate.m; sourceTree = "<group>"; };
		40FB0C231B810F10009193F8 /* main.m */ = {isa = PBXFileReference; lastKnownFileType = sourcecode.c.objc; path = main.m; sourceTree = "<group>"; };
		40FB0C251B810F10009193F8 /* Images.xcassets */ = {isa = PBXFileReference; lastKnownFileType = folder.assetcatalog; path = Images.xcassets; sourceTree = "<group>"; };
		40FB0C281B810F10009193F8 /* Base */ = {isa = PBXFileReference; lastKnownFileType = file.xib; name = Base; path = Base.lproj/MainMenu.xib; sourceTree = "<group>"; };
		40FB0C2E1B810F10009193F8 /* Password FactoryTests.xctest */ = {isa = PBXFileReference; explicitFileType = wrapper.cfbundle; includeInIndex = 0; path = "Password FactoryTests.xctest"; sourceTree = BUILT_PRODUCTS_DIR; };
		40FB0C331B810F10009193F8 /* Info.plist */ = {isa = PBXFileReference; lastKnownFileType = text.plist.xml; path = Info.plist; sourceTree = "<group>"; };
		859C6F374BB62F7214302EA7 /* libPods-Password Factory.a */ = {isa = PBXFileReference; explicitFileType = archive.ar; includeInIndex = 0; path = "libPods-Password Factory.a"; sourceTree = BUILT_PRODUCTS_DIR; };
		8D133D170B36EEF7085404B5 /* libPods-Password FactoryTests.a */ = {isa = PBXFileReference; explicitFileType = archive.ar; includeInIndex = 0; path = "libPods-Password FactoryTests.a"; sourceTree = BUILT_PRODUCTS_DIR; };
		BD797011269CBEC3CCB25B4A /* Pods-Password Factory.release.xcconfig */ = {isa = PBXFileReference; includeInIndex = 1; lastKnownFileType = text.xcconfig; name = "Pods-Password Factory.release.xcconfig"; path = "Pods/Target Support Files/Pods-Password Factory/Pods-Password Factory.release.xcconfig"; sourceTree = "<group>"; };
		E14B2029619F73F011DA2479 /* Pods-Password FactoryTests.debug.xcconfig */ = {isa = PBXFileReference; includeInIndex = 1; lastKnownFileType = text.xcconfig; name = "Pods-Password FactoryTests.debug.xcconfig"; path = "Pods/Target Support Files/Pods-Password FactoryTests/Pods-Password FactoryTests.debug.xcconfig"; sourceTree = "<group>"; };
		EEC958D01070065C655AEFF2 /* Pods-Password Factory.debug.xcconfig */ = {isa = PBXFileReference; includeInIndex = 1; lastKnownFileType = text.xcconfig; name = "Pods-Password Factory.debug.xcconfig"; path = "Pods/Target Support Files/Pods-Password Factory/Pods-Password Factory.debug.xcconfig"; sourceTree = "<group>"; };
/* End PBXFileReference section */

/* Begin PBXFrameworksBuildPhase section */
		40FB0C181B810F10009193F8 /* Frameworks */ = {
			isa = PBXFrameworksBuildPhase;
			buildActionMask = 2147483647;
			files = (
				BB1E172239050C911ACB289A /* libPods-Password Factory.a in Frameworks */,
			);
			runOnlyForDeploymentPostprocessing = 0;
		};
		40FB0C2B1B810F10009193F8 /* Frameworks */ = {
			isa = PBXFrameworksBuildPhase;
			buildActionMask = 2147483647;
			files = (
				FFB25E0E689C2DE275FE5157 /* libPods-Password FactoryTests.a in Frameworks */,
			);
			runOnlyForDeploymentPostprocessing = 0;
		};
/* End PBXFrameworksBuildPhase section */

/* Begin PBXGroup section */
		409585D41B8112FD00393B99 /* Assets */ = {
			isa = PBXGroup;
			children = (
				409586311B81131100393B99 /* PasswordFactory.help */,
				409585D51B8112FD00393B99 /* bad_words.json */,
				409585D61B8112FD00393B99 /* defaults.plist */,
				409585D71B8112FD00393B99 /* menu-icon-inv.png */,
				409585D81B8112FD00393B99 /* menu-icon-inv@2x.png */,
				409585D91B8112FD00393B99 /* menu-icon.png */,
				409585DA1B8112FD00393B99 /* menu-icon@2x.png */,
				409585F51B8112FD00393B99 /* StyleKit.h */,
				409585F61B8112FD00393B99 /* StyleKit.m */,
			);
			name = Assets;
			path = "Password Factory/Assets";
			sourceTree = "<group>";
		};
		409585F71B8112FD00393B99 /* Categories */ = {
			isa = PBXGroup;
			children = (
				409585F81B8112FD00393B99 /* NSColor+NSColorHexadecimalValue.h */,
				409585F91B8112FD00393B99 /* NSColor+NSColorHexadecimalValue.m */,
				409585FA1B8112FD00393B99 /* NSWindow+canBecomeKeyWindow.h */,
				409585FB1B8112FD00393B99 /* NSWindow+canBecomeKeyWindow.m */,
			);
			name = Categories;
			path = "Password Factory/Categories";
			sourceTree = "<group>";
		};
		409585FC1B8112FD00393B99 /* Controls */ = {
			isa = PBXGroup;
			children = (
				409585FD1B8112FD00393B99 /* PreferencesButton.h */,
				409585FE1B8112FD00393B99 /* PreferencesButton.m */,
				409585FF1B8112FD00393B99 /* StrengthMeter.h */,
				409586001B8112FD00393B99 /* StrengthMeter.m */,
			);
			name = Controls;
			path = "Password Factory/Controls";
			sourceTree = "<group>";
		};
		409586011B8112FD00393B99 /* MenuApp */ = {
			isa = PBXGroup;
			children = (
				409586021B8112FD00393B99 /* StatusBarType.h */,
				409586031B8112FD00393B99 /* StatusView.h */,
				409586041B8112FD00393B99 /* StatusView.m */,
			);
			name = MenuApp;
			path = "Password Factory/MenuApp";
			sourceTree = "<group>";
		};
		409586051B8112FD00393B99 /* Model */ = {
			isa = PBXGroup;
			children = (
				409586061B8112FD00393B99 /* PasswordFactory.h */,
				409586071B8112FD00393B99 /* PasswordFactory.m */,
			);
			name = Model;
			path = "Password Factory/Model";
			sourceTree = "<group>";
		};
		409586081B8112FD00393B99 /* ViewControllers */ = {
			isa = PBXGroup;
			children = (
				409586091B8112FD00393B99 /* MasterViewController.h */,
				4095860A1B8112FD00393B99 /* MasterViewController.m */,
				4095860B1B8112FD00393B99 /* MasterViewController.xib */,
				4095860C1B8112FD00393B99 /* PreferencesWindowController.h */,
				4095860D1B8112FD00393B99 /* PreferencesWindowController.m */,
				4095860E1B8112FD00393B99 /* PreferencesWindowController.xib */,
			);
			name = ViewControllers;
			path = "Password Factory/ViewControllers";
			sourceTree = "<group>";
		};
		40FB0C121B810F10009193F8 = {
			isa = PBXGroup;
			children = (
				409585D41B8112FD00393B99 /* Assets */,
				409585F71B8112FD00393B99 /* Categories */,
				409585FC1B8112FD00393B99 /* Controls */,
				409586011B8112FD00393B99 /* MenuApp */,
				409586051B8112FD00393B99 /* Model */,
				409586081B8112FD00393B99 /* ViewControllers */,
				40FB0C1D1B810F10009193F8 /* Password Factory */,
				40FB0C311B810F10009193F8 /* Password FactoryTests */,
				40FB0C1C1B810F10009193F8 /* Products */,
				E85251CC741D3A52CEF24A18 /* Pods */,
				F9FEF77E1307D364CA2465EF /* Frameworks */,
			);
			sourceTree = "<group>";
		};
		40FB0C1C1B810F10009193F8 /* Products */ = {
			isa = PBXGroup;
			children = (
				40FB0C1B1B810F10009193F8 /* Password Factory.app */,
				40FB0C2E1B810F10009193F8 /* Password FactoryTests.xctest */,
			);
			name = Products;
			sourceTree = "<group>";
		};
		40FB0C1D1B810F10009193F8 /* Password Factory */ = {
			isa = PBXGroup;
			children = (
				40FB0C201B810F10009193F8 /* AppDelegate.h */,
				40FB0C211B810F10009193F8 /* AppDelegate.m */,
				40FB0C251B810F10009193F8 /* Images.xcassets */,
				40FB0C271B810F10009193F8 /* MainMenu.xib */,
				40FB0C1E1B810F10009193F8 /* Supporting Files */,
				40DFFEE21B811F470047CF90 /* MainWindow.h */,
				40DFFEE31B811F470047CF90 /* MainWindow.m */,
			);
			path = "Password Factory";
			sourceTree = "<group>";
		};
		40FB0C1E1B810F10009193F8 /* Supporting Files */ = {
			isa = PBXGroup;
			children = (
				40FB0C1F1B810F10009193F8 /* Info.plist */,
				40FB0C231B810F10009193F8 /* main.m */,
			);
			name = "Supporting Files";
			sourceTree = "<group>";
		};
		40FB0C311B810F10009193F8 /* Password FactoryTests */ = {
			isa = PBXGroup;
			children = (
				409585C81B8112D600393B99 /* MasterViewControllerTestClass.h */,
				409585C91B8112D600393B99 /* MasterViewControllerTestClass.m */,
				409585CA1B8112D600393B99 /* MasterViewControllerTests.m */,
				409585CB1B8112D600393B99 /* PasswordFactoryTests.m */,
				409585CC1B8112D600393B99 /* PreferencesWindowTestClass.h */,
				409585CD1B8112D600393B99 /* PreferencesWindowTestClass.m */,
				409585CE1B8112D600393B99 /* PreferencesWindowTests.m */,
				40FB0C321B810F10009193F8 /* Supporting Files */,
			);
			path = "Password FactoryTests";
			sourceTree = "<group>";
		};
		40FB0C321B810F10009193F8 /* Supporting Files */ = {
			isa = PBXGroup;
			children = (
				40FB0C331B810F10009193F8 /* Info.plist */,
			);
			name = "Supporting Files";
			sourceTree = "<group>";
		};
		E85251CC741D3A52CEF24A18 /* Pods */ = {
			isa = PBXGroup;
			children = (
				EEC958D01070065C655AEFF2 /* Pods-Password Factory.debug.xcconfig */,
				BD797011269CBEC3CCB25B4A /* Pods-Password Factory.release.xcconfig */,
				E14B2029619F73F011DA2479 /* Pods-Password FactoryTests.debug.xcconfig */,
				132E358EAA30C1AC8D546220 /* Pods-Password FactoryTests.release.xcconfig */,
			);
			name = Pods;
			sourceTree = "<group>";
		};
		F9FEF77E1307D364CA2465EF /* Frameworks */ = {
			isa = PBXGroup;
			children = (
				859C6F374BB62F7214302EA7 /* libPods-Password Factory.a */,
				8D133D170B36EEF7085404B5 /* libPods-Password FactoryTests.a */,
			);
			name = Frameworks;
			sourceTree = "<group>";
		};
/* End PBXGroup section */

/* Begin PBXNativeTarget section */
		40FB0C1A1B810F10009193F8 /* Password Factory */ = {
			isa = PBXNativeTarget;
			buildConfigurationList = 40FB0C381B810F10009193F8 /* Build configuration list for PBXNativeTarget "Password Factory" */;
			buildPhases = (
				4485B544EB373C6A0DC1161D /* Check Pods Manifest.lock */,
				40FB0C171B810F10009193F8 /* Sources */,
				40FB0C181B810F10009193F8 /* Frameworks */,
				40FB0C191B810F10009193F8 /* Resources */,
				9C88311E94026174CDA4BB06 /* Copy Pods Resources */,
			);
			buildRules = (
			);
			dependencies = (
			);
			name = "Password Factory";
			productName = "Password Factory";
			productReference = 40FB0C1B1B810F10009193F8 /* Password Factory.app */;
			productType = "com.apple.product-type.application";
		};
		40FB0C2D1B810F10009193F8 /* Password FactoryTests */ = {
			isa = PBXNativeTarget;
			buildConfigurationList = 40FB0C3B1B810F10009193F8 /* Build configuration list for PBXNativeTarget "Password FactoryTests" */;
			buildPhases = (
				6D4CBB3F5B2147998812263B /* Check Pods Manifest.lock */,
				40FB0C2A1B810F10009193F8 /* Sources */,
				40FB0C2B1B810F10009193F8 /* Frameworks */,
				40FB0C2C1B810F10009193F8 /* Resources */,
				AEC17E222327D242E999B06A /* Copy Pods Resources */,
			);
			buildRules = (
			);
			dependencies = (
				40FB0C301B810F10009193F8 /* PBXTargetDependency */,
			);
			name = "Password FactoryTests";
			productName = "Password FactoryTests";
			productReference = 40FB0C2E1B810F10009193F8 /* Password FactoryTests.xctest */;
			productType = "com.apple.product-type.bundle.unit-test";
		};
/* End PBXNativeTarget section */

/* Begin PBXProject section */
		40FB0C131B810F10009193F8 /* Project object */ = {
			isa = PBXProject;
			attributes = {
				LastUpgradeCheck = 0640;
				ORGANIZATIONNAME = "Cristiana Yambo";
				TargetAttributes = {
					40FB0C1A1B810F10009193F8 = {
						CreatedOnToolsVersion = 6.4;
					};
					40FB0C2D1B810F10009193F8 = {
						CreatedOnToolsVersion = 6.4;
						TestTargetID = 40FB0C1A1B810F10009193F8;
					};
				};
			};
			buildConfigurationList = 40FB0C161B810F10009193F8 /* Build configuration list for PBXProject "Password Factory" */;
			compatibilityVersion = "Xcode 3.2";
			developmentRegion = English;
			hasScannedForEncodings = 0;
			knownRegions = (
				en,
				Base,
			);
			mainGroup = 40FB0C121B810F10009193F8;
			productRefGroup = 40FB0C1C1B810F10009193F8 /* Products */;
			projectDirPath = "";
			projectRoot = "";
			targets = (
				40FB0C1A1B810F10009193F8 /* Password Factory */,
				40FB0C2D1B810F10009193F8 /* Password FactoryTests */,
			);
		};
/* End PBXProject section */

/* Begin PBXResourcesBuildPhase section */
		40FB0C191B810F10009193F8 /* Resources */ = {
			isa = PBXResourcesBuildPhase;
			buildActionMask = 2147483647;
			files = (
				409586141B8112FD00393B99 /* menu-icon@2x.png in Resources */,
				409586101B8112FD00393B99 /* defaults.plist in Resources */,
				4095860F1B8112FD00393B99 /* bad_words.json in Resources */,
				409586301B8112FD00393B99 /* PreferencesWindowController.xib in Resources */,
				409586121B8112FD00393B99 /* menu-icon-inv@2x.png in Resources */,
				40FB0C261B810F10009193F8 /* Images.xcassets in Resources */,
				4095862E1B8112FD00393B99 /* MasterViewController.xib in Resources */,
				409586131B8112FD00393B99 /* menu-icon.png in Resources */,
				40FB0C291B810F10009193F8 /* MainMenu.xib in Resources */,
				409586321B81131100393B99 /* PasswordFactory.help in Resources */,
				409586111B8112FD00393B99 /* menu-icon-inv.png in Resources */,
			);
			runOnlyForDeploymentPostprocessing = 0;
		};
		40FB0C2C1B810F10009193F8 /* Resources */ = {
			isa = PBXResourcesBuildPhase;
			buildActionMask = 2147483647;
			files = (
			);
			runOnlyForDeploymentPostprocessing = 0;
		};
/* End PBXResourcesBuildPhase section */

/* Begin PBXShellScriptBuildPhase section */
		4485B544EB373C6A0DC1161D /* Check Pods Manifest.lock */ = {
			isa = PBXShellScriptBuildPhase;
			buildActionMask = 2147483647;
			files = (
			);
			inputPaths = (
			);
			name = "Check Pods Manifest.lock";
			outputPaths = (
			);
			runOnlyForDeploymentPostprocessing = 0;
			shellPath = /bin/sh;
			shellScript = "diff \"${PODS_ROOT}/../Podfile.lock\" \"${PODS_ROOT}/Manifest.lock\" > /dev/null\nif [[ $? != 0 ]] ; then\n    cat << EOM\nerror: The sandbox is not in sync with the Podfile.lock. Run 'pod install' or update your CocoaPods installation.\nEOM\n    exit 1\nfi\n";
			showEnvVarsInLog = 0;
		};
		6D4CBB3F5B2147998812263B /* Check Pods Manifest.lock */ = {
			isa = PBXShellScriptBuildPhase;
			buildActionMask = 2147483647;
			files = (
			);
			inputPaths = (
			);
			name = "Check Pods Manifest.lock";
			outputPaths = (
			);
			runOnlyForDeploymentPostprocessing = 0;
			shellPath = /bin/sh;
			shellScript = "diff \"${PODS_ROOT}/../Podfile.lock\" \"${PODS_ROOT}/Manifest.lock\" > /dev/null\nif [[ $? != 0 ]] ; then\n    cat << EOM\nerror: The sandbox is not in sync with the Podfile.lock. Run 'pod install' or update your CocoaPods installation.\nEOM\n    exit 1\nfi\n";
			showEnvVarsInLog = 0;
		};
		9C88311E94026174CDA4BB06 /* Copy Pods Resources */ = {
			isa = PBXShellScriptBuildPhase;
			buildActionMask = 2147483647;
			files = (
			);
			inputPaths = (
			);
			name = "Copy Pods Resources";
			outputPaths = (
			);
			runOnlyForDeploymentPostprocessing = 0;
			shellPath = /bin/sh;
			shellScript = "\"${SRCROOT}/Pods/Target Support Files/Pods-Password Factory/Pods-Password Factory-resources.sh\"\n";
			showEnvVarsInLog = 0;
		};
		AEC17E222327D242E999B06A /* Copy Pods Resources */ = {
			isa = PBXShellScriptBuildPhase;
			buildActionMask = 2147483647;
			files = (
			);
			inputPaths = (
			);
			name = "Copy Pods Resources";
			outputPaths = (
			);
			runOnlyForDeploymentPostprocessing = 0;
			shellPath = /bin/sh;
			shellScript = "\"${SRCROOT}/Pods/Target Support Files/Pods-Password FactoryTests/Pods-Password FactoryTests-resources.sh\"\n";
			showEnvVarsInLog = 0;
		};
/* End PBXShellScriptBuildPhase section */

/* Begin PBXSourcesBuildPhase section */
		40FB0C171B810F10009193F8 /* Sources */ = {
			isa = PBXSourcesBuildPhase;
			buildActionMask = 2147483647;
			files = (
				409586291B8112FD00393B99 /* PreferencesButton.m in Sources */,
				4095862C1B8112FD00393B99 /* PasswordFactory.m in Sources */,
				4095862D1B8112FD00393B99 /* MasterViewController.m in Sources */,
				40FB0C241B810F10009193F8 /* main.m in Sources */,
				4095862F1B8112FD00393B99 /* PreferencesWindowController.m in Sources */,
				409586281B8112FD00393B99 /* NSWindow+canBecomeKeyWindow.m in Sources */,
				409586261B8112FD00393B99 /* StyleKit.m in Sources */,
				40FB0C221B810F10009193F8 /* AppDelegate.m in Sources */,
				40DFFEE41B811F470047CF90 /* MainWindow.m in Sources */,
				4095862A1B8112FD00393B99 /* StrengthMeter.m in Sources */,
				4095862B1B8112FD00393B99 /* StatusView.m in Sources */,
				409586271B8112FD00393B99 /* NSColor+NSColorHexadecimalValue.m in Sources */,
			);
			runOnlyForDeploymentPostprocessing = 0;
		};
		40FB0C2A1B810F10009193F8 /* Sources */ = {
			isa = PBXSourcesBuildPhase;
			buildActionMask = 2147483647;
			files = (
				409585D01B8112D600393B99 /* MasterViewControllerTests.m in Sources */,
				409585CF1B8112D600393B99 /* MasterViewControllerTestClass.m in Sources */,
				409585D11B8112D600393B99 /* PasswordFactoryTests.m in Sources */,
				409585D21B8112D600393B99 /* PreferencesWindowTestClass.m in Sources */,
				409585D31B8112D600393B99 /* PreferencesWindowTests.m in Sources */,
			);
			runOnlyForDeploymentPostprocessing = 0;
		};
/* End PBXSourcesBuildPhase section */

/* Begin PBXTargetDependency section */
		40FB0C301B810F10009193F8 /* PBXTargetDependency */ = {
			isa = PBXTargetDependency;
			target = 40FB0C1A1B810F10009193F8 /* Password Factory */;
			targetProxy = 40FB0C2F1B810F10009193F8 /* PBXContainerItemProxy */;
		};
/* End PBXTargetDependency section */

/* Begin PBXVariantGroup section */
		40FB0C271B810F10009193F8 /* MainMenu.xib */ = {
			isa = PBXVariantGroup;
			children = (
				40FB0C281B810F10009193F8 /* Base */,
			);
			name = MainMenu.xib;
			sourceTree = "<group>";
		};
/* End PBXVariantGroup section */

/* Begin XCBuildConfiguration section */
		40FB0C361B810F10009193F8 /* Debug */ = {
			isa = XCBuildConfiguration;
			buildSettings = {
				ALWAYS_SEARCH_USER_PATHS = NO;
				CLANG_CXX_LANGUAGE_STANDARD = "gnu++0x";
				CLANG_CXX_LIBRARY = "libc++";
				CLANG_ENABLE_MODULES = YES;
				CLANG_ENABLE_OBJC_ARC = YES;
				CLANG_WARN_BOOL_CONVERSION = YES;
				CLANG_WARN_CONSTANT_CONVERSION = YES;
				CLANG_WARN_DIRECT_OBJC_ISA_USAGE = YES_ERROR;
				CLANG_WARN_EMPTY_BODY = YES;
				CLANG_WARN_ENUM_CONVERSION = YES;
				CLANG_WARN_INT_CONVERSION = YES;
				CLANG_WARN_OBJC_ROOT_CLASS = YES_ERROR;
				CLANG_WARN_UNREACHABLE_CODE = YES;
				CLANG_WARN__DUPLICATE_METHOD_MATCH = YES;
				CODE_SIGN_IDENTITY = "-";
				COPY_PHASE_STRIP = NO;
				DEBUG_INFORMATION_FORMAT = dwarf;
				ENABLE_STRICT_OBJC_MSGSEND = YES;
				GCC_C_LANGUAGE_STANDARD = gnu99;
				GCC_DYNAMIC_NO_PIC = NO;
				GCC_NO_COMMON_BLOCKS = YES;
				GCC_OPTIMIZATION_LEVEL = 0;
				GCC_PREPROCESSOR_DEFINITIONS = (
					"DEBUG=1",
					"$(inherited)",
				);
				GCC_SYMBOLS_PRIVATE_EXTERN = NO;
				GCC_WARN_64_TO_32_BIT_CONVERSION = YES;
				GCC_WARN_ABOUT_RETURN_TYPE = YES_ERROR;
				GCC_WARN_UNDECLARED_SELECTOR = YES;
				GCC_WARN_UNINITIALIZED_AUTOS = YES_AGGRESSIVE;
				GCC_WARN_UNUSED_FUNCTION = YES;
				GCC_WARN_UNUSED_VARIABLE = YES;
				MACOSX_DEPLOYMENT_TARGET = 10.10;
				MTL_ENABLE_DEBUG_INFO = YES;
				ONLY_ACTIVE_ARCH = YES;
				SDKROOT = macosx;
			};
			name = Debug;
		};
		40FB0C371B810F10009193F8 /* Release */ = {
			isa = XCBuildConfiguration;
			buildSettings = {
				ALWAYS_SEARCH_USER_PATHS = NO;
				CLANG_CXX_LANGUAGE_STANDARD = "gnu++0x";
				CLANG_CXX_LIBRARY = "libc++";
				CLANG_ENABLE_MODULES = YES;
				CLANG_ENABLE_OBJC_ARC = YES;
				CLANG_WARN_BOOL_CONVERSION = YES;
				CLANG_WARN_CONSTANT_CONVERSION = YES;
				CLANG_WARN_DIRECT_OBJC_ISA_USAGE = YES_ERROR;
				CLANG_WARN_EMPTY_BODY = YES;
				CLANG_WARN_ENUM_CONVERSION = YES;
				CLANG_WARN_INT_CONVERSION = YES;
				CLANG_WARN_OBJC_ROOT_CLASS = YES_ERROR;
				CLANG_WARN_UNREACHABLE_CODE = YES;
				CLANG_WARN__DUPLICATE_METHOD_MATCH = YES;
				CODE_SIGN_IDENTITY = "-";
				COPY_PHASE_STRIP = NO;
				DEBUG_INFORMATION_FORMAT = "dwarf-with-dsym";
				ENABLE_NS_ASSERTIONS = NO;
				ENABLE_STRICT_OBJC_MSGSEND = YES;
				GCC_C_LANGUAGE_STANDARD = gnu99;
				GCC_NO_COMMON_BLOCKS = YES;
				GCC_WARN_64_TO_32_BIT_CONVERSION = YES;
				GCC_WARN_ABOUT_RETURN_TYPE = YES_ERROR;
				GCC_WARN_UNDECLARED_SELECTOR = YES;
				GCC_WARN_UNINITIALIZED_AUTOS = YES_AGGRESSIVE;
				GCC_WARN_UNUSED_FUNCTION = YES;
				GCC_WARN_UNUSED_VARIABLE = YES;
				MACOSX_DEPLOYMENT_TARGET = 10.10;
				MTL_ENABLE_DEBUG_INFO = NO;
				SDKROOT = macosx;
			};
			name = Release;
		};
		40FB0C391B810F10009193F8 /* Debug */ = {
			isa = XCBuildConfiguration;
			baseConfigurationReference = EEC958D01070065C655AEFF2 /* Pods-Password Factory.debug.xcconfig */;
			buildSettings = {
				ASSETCATALOG_COMPILER_APPICON_NAME = AppIcon;
				COMBINE_HIDPI_IMAGES = YES;
				INFOPLIST_FILE = "Password Factory/Info.plist";
				LD_RUNPATH_SEARCH_PATHS = "$(inherited) @executable_path/../Frameworks";
				PRODUCT_NAME = "$(TARGET_NAME)";
			};
			name = Debug;
		};
		40FB0C3A1B810F10009193F8 /* Release */ = {
			isa = XCBuildConfiguration;
			baseConfigurationReference = BD797011269CBEC3CCB25B4A /* Pods-Password Factory.release.xcconfig */;
			buildSettings = {
				ASSETCATALOG_COMPILER_APPICON_NAME = AppIcon;
				COMBINE_HIDPI_IMAGES = YES;
				INFOPLIST_FILE = "Password Factory/Info.plist";
				LD_RUNPATH_SEARCH_PATHS = "$(inherited) @executable_path/../Frameworks";
				PRODUCT_NAME = "$(TARGET_NAME)";
			};
			name = Release;
		};
		40FB0C3C1B810F10009193F8 /* Debug */ = {
			isa = XCBuildConfiguration;
			baseConfigurationReference = E14B2029619F73F011DA2479 /* Pods-Password FactoryTests.debug.xcconfig */;
			buildSettings = {
				BUNDLE_LOADER = "$(TEST_HOST)";
				COMBINE_HIDPI_IMAGES = YES;
				FRAMEWORK_SEARCH_PATHS = (
					"$(DEVELOPER_FRAMEWORKS_DIR)",
					"$(inherited)",
				);
				GCC_PREPROCESSOR_DEFINITIONS = (
					"DEBUG=1",
					"$(inherited)",
				);
				INFOPLIST_FILE = "Password FactoryTests/Info.plist";
				LD_RUNPATH_SEARCH_PATHS = "$(inherited) @executable_path/../Frameworks @loader_path/../Frameworks";
				PRODUCT_NAME = "$(TARGET_NAME)";
				TEST_HOST = "$(BUILT_PRODUCTS_DIR)/Password Factory.app/Contents/MacOS/Password Factory";
			};
			name = Debug;
		};
		40FB0C3D1B810F10009193F8 /* Release */ = {
			isa = XCBuildConfiguration;
			baseConfigurationReference = 132E358EAA30C1AC8D546220 /* Pods-Password FactoryTests.release.xcconfig */;
			buildSettings = {
				BUNDLE_LOADER = "$(TEST_HOST)";
				COMBINE_HIDPI_IMAGES = YES;
				FRAMEWORK_SEARCH_PATHS = (
					"$(DEVELOPER_FRAMEWORKS_DIR)",
					"$(inherited)",
				);
				INFOPLIST_FILE = "Password FactoryTests/Info.plist";
				LD_RUNPATH_SEARCH_PATHS = "$(inherited) @executable_path/../Frameworks @loader_path/../Frameworks";
				PRODUCT_NAME = "$(TARGET_NAME)";
				TEST_HOST = "$(BUILT_PRODUCTS_DIR)/Password Factory.app/Contents/MacOS/Password Factory";
			};
			name = Release;
		};
/* End XCBuildConfiguration section */

/* Begin XCConfigurationList section */
		40FB0C161B810F10009193F8 /* Build configuration list for PBXProject "Password Factory" */ = {
			isa = XCConfigurationList;
			buildConfigurations = (
				40FB0C361B810F10009193F8 /* Debug */,
				40FB0C371B810F10009193F8 /* Release */,
			);
			defaultConfigurationIsVisible = 0;
			defaultConfigurationName = Release;
		};
		40FB0C381B810F10009193F8 /* Build configuration list for PBXNativeTarget "Password Factory" */ = {
			isa = XCConfigurationList;
			buildConfigurations = (
				40FB0C391B810F10009193F8 /* Debug */,
				40FB0C3A1B810F10009193F8 /* Release */,
			);
			defaultConfigurationIsVisible = 0;
			defaultConfigurationName = Release;
		};
		40FB0C3B1B810F10009193F8 /* Build configuration list for PBXNativeTarget "Password FactoryTests" */ = {
			isa = XCConfigurationList;
			buildConfigurations = (
				40FB0C3C1B810F10009193F8 /* Debug */,
				40FB0C3D1B810F10009193F8 /* Release */,
			);
			defaultConfigurationIsVisible = 0;
			defaultConfigurationName = Release;
		};
/* End XCConfigurationList section */
	};
	rootObject = 40FB0C131B810F10009193F8 /* Project object */;
}
