// !$*UTF8*$!
{
	archiveVersion = 1;
	classes = {
	};
	objectVersion = 46;
	objects = {

/* Begin PBXBuildFile section */
		40135D6B1925349500E91FA9 /* MASShortcut.m in Sources */ = {isa = PBXBuildFile; fileRef = 40135D621925349500E91FA9 /* MASShortcut.m */; };
		40135D6D1925349500E91FA9 /* MASShortcut+Monitoring.m in Sources */ = {isa = PBXBuildFile; fileRef = 40135D641925349500E91FA9 /* MASShortcut+Monitoring.m */; };
		40135D6F1925349500E91FA9 /* MASShortcut+UserDefaults.m in Sources */ = {isa = PBXBuildFile; fileRef = 40135D661925349500E91FA9 /* MASShortcut+UserDefaults.m */; };
		40135D711925349500E91FA9 /* MASShortcutView.m in Sources */ = {isa = PBXBuildFile; fileRef = 40135D681925349500E91FA9 /* MASShortcutView.m */; };
		40135D731925349500E91FA9 /* MASShortcutView+UserDefaults.m in Sources */ = {isa = PBXBuildFile; fileRef = 40135D6A1925349500E91FA9 /* MASShortcutView+UserDefaults.m */; };
		403BC3831922AFB3005C92D3 /* PreferencesWindowController.m in Sources */ = {isa = PBXBuildFile; fileRef = 403BC3821922AFB3005C92D3 /* PreferencesWindowController.m */; };
		403BC3871922B658005C92D3 /* defaults.plist in Resources */ = {isa = PBXBuildFile; fileRef = 403BC3861922B658005C92D3 /* defaults.plist */; };
		4047839A1935115800971CB1 /* menu-icon.png in Resources */ = {isa = PBXBuildFile; fileRef = 404783981935115800971CB1 /* menu-icon.png */; };
		4047839B1935115800971CB1 /* menu-icon@2x.png in Resources */ = {isa = PBXBuildFile; fileRef = 404783991935115800971CB1 /* menu-icon@2x.png */; };
		4047839E19351A8F00971CB1 /* menu-icon-inv.png in Resources */ = {isa = PBXBuildFile; fileRef = 4047839C19351A8F00971CB1 /* menu-icon-inv.png */; };
		4047839F19351A8F00971CB1 /* menu-icon-inv@2x.png in Resources */ = {isa = PBXBuildFile; fileRef = 4047839D19351A8F00971CB1 /* menu-icon-inv@2x.png */; };
		404783A31936613E00971CB1 /* PasswordFactory.help in Resources */ = {isa = PBXBuildFile; fileRef = 404783A01936600500971CB1 /* PasswordFactory.help */; };
		404783A61936640400971CB1 /* MainMenu.xib in Resources */ = {isa = PBXBuildFile; fileRef = 40BBBE381913BE1800AA5BC2 /* MainMenu.xib */; };
		405B5F50192D86DB00938AFF /* PreferencesWindowController.xib in Resources */ = {isa = PBXBuildFile; fileRef = 405B5F4E192D86DB00938AFF /* PreferencesWindowController.xib */; };
		4092E6171922CC4B008072ED /* NSColor+NSColorHexadecimalValue.m in Sources */ = {isa = PBXBuildFile; fileRef = 4092E6161922CC4B008072ED /* NSColor+NSColorHexadecimalValue.m */; };
		40A152541913E8AB0091E264 /* frequency_lists.json in Resources */ = {isa = PBXBuildFile; fileRef = 40A152371913E8AB0091E264 /* frequency_lists.json */; };
		40A152551913E8AB0091E264 /* adjacency_graphs.json in Resources */ = {isa = PBXBuildFile; fileRef = 40A152381913E8AB0091E264 /* adjacency_graphs.json */; };
		40A152561913E8AB0091E264 /* BBDateMatcher.m in Sources */ = {isa = PBXBuildFile; fileRef = 40A1523A1913E8AB0091E264 /* BBDateMatcher.m */; };
		40A152571913E8AB0091E264 /* BBDictionaryMatcher.m in Sources */ = {isa = PBXBuildFile; fileRef = 40A1523C1913E8AB0091E264 /* BBDictionaryMatcher.m */; };
		40A152581913E8AB0091E264 /* BBDigitsMatcher.m in Sources */ = {isa = PBXBuildFile; fileRef = 40A1523E1913E8AB0091E264 /* BBDigitsMatcher.m */; };
		40A152591913E8AB0091E264 /* BBEntropyCenter.m in Sources */ = {isa = PBXBuildFile; fileRef = 40A152401913E8AB0091E264 /* BBEntropyCenter.m */; };
		40A1525A1913E8AB0091E264 /* BBL33tMatcher.m in Sources */ = {isa = PBXBuildFile; fileRef = 40A152421913E8AB0091E264 /* BBL33tMatcher.m */; };
		40A1525B1913E8AB0091E264 /* BBPasswordStrength.m in Sources */ = {isa = PBXBuildFile; fileRef = 40A152441913E8AB0091E264 /* BBPasswordStrength.m */; };
		40A1525C1913E8AB0091E264 /* BBPattern.m in Sources */ = {isa = PBXBuildFile; fileRef = 40A152461913E8AB0091E264 /* BBPattern.m */; };
		40A1525D1913E8AB0091E264 /* BBPatternCenter.m in Sources */ = {isa = PBXBuildFile; fileRef = 40A152481913E8AB0091E264 /* BBPatternCenter.m */; };
		40A1525E1913E8AB0091E264 /* BBRegularExpressionMatchHelper.m in Sources */ = {isa = PBXBuildFile; fileRef = 40A1524B1913E8AB0091E264 /* BBRegularExpressionMatchHelper.m */; };
		40A1525F1913E8AB0091E264 /* BBRepeatMatcher.m in Sources */ = {isa = PBXBuildFile; fileRef = 40A1524D1913E8AB0091E264 /* BBRepeatMatcher.m */; };
		40A152601913E8AB0091E264 /* BBSequenceMatcher.m in Sources */ = {isa = PBXBuildFile; fileRef = 40A1524F1913E8AB0091E264 /* BBSequenceMatcher.m */; };
		40A152611913E8AB0091E264 /* BBSpatialMatcher.m in Sources */ = {isa = PBXBuildFile; fileRef = 40A152511913E8AB0091E264 /* BBSpatialMatcher.m */; };
		40A152621913E8AB0091E264 /* BBYearMatcher.m in Sources */ = {isa = PBXBuildFile; fileRef = 40A152531913E8AB0091E264 /* BBYearMatcher.m */; };
		40BBBE241913BE1800AA5BC2 /* Cocoa.framework in Frameworks */ = {isa = PBXBuildFile; fileRef = 40BBBE231913BE1800AA5BC2 /* Cocoa.framework */; };
		40BBBE2E1913BE1800AA5BC2 /* InfoPlist.strings in Resources */ = {isa = PBXBuildFile; fileRef = 40BBBE2C1913BE1800AA5BC2 /* InfoPlist.strings */; };
		40BBBE301913BE1800AA5BC2 /* main.m in Sources */ = {isa = PBXBuildFile; fileRef = 40BBBE2F1913BE1800AA5BC2 /* main.m */; };
		40BBBE341913BE1800AA5BC2 /* Credits.rtf in Resources */ = {isa = PBXBuildFile; fileRef = 40BBBE321913BE1800AA5BC2 /* Credits.rtf */; };
		40BBBE371913BE1800AA5BC2 /* AppDelegate.m in Sources */ = {isa = PBXBuildFile; fileRef = 40BBBE361913BE1800AA5BC2 /* AppDelegate.m */; };
		40BBBE3C1913BE1800AA5BC2 /* Images.xcassets in Resources */ = {isa = PBXBuildFile; fileRef = 40BBBE3B1913BE1800AA5BC2 /* Images.xcassets */; };
		40BBBE611913BF7E00AA5BC2 /* MasterViewController.m in Sources */ = {isa = PBXBuildFile; fileRef = 40BBBE5F1913BF7E00AA5BC2 /* MasterViewController.m */; };
		40BBBE621913BF7E00AA5BC2 /* MasterViewController.xib in Resources */ = {isa = PBXBuildFile; fileRef = 40BBBE601913BF7E00AA5BC2 /* MasterViewController.xib */; };
		40BBBE651913C0CF00AA5BC2 /* PasswordFactory.m in Sources */ = {isa = PBXBuildFile; fileRef = 40BBBE641913C0CF00AA5BC2 /* PasswordFactory.m */; };
		40C6872C1947B96800BFA14A /* NSWindow+canBecomeKeyWindow.m in Sources */ = {isa = PBXBuildFile; fileRef = 40C6872B1947B96800BFA14A /* NSWindow+canBecomeKeyWindow.m */; };
		49597ED61940FCB70078CECF /* XCTest.framework in Frameworks */ = {isa = PBXBuildFile; fileRef = 40BBBE421913BE1800AA5BC2 /* XCTest.framework */; };
		49597EDC1940FCB70078CECF /* InfoPlist.strings in Resources */ = {isa = PBXBuildFile; fileRef = 49597EDA1940FCB70078CECF /* InfoPlist.strings */; };
		49597EE51940FCD70078CECF /* MasterViewControllerTests.m in Sources */ = {isa = PBXBuildFile; fileRef = 49F27CDF1917EB47008DD7C6 /* MasterViewControllerTests.m */; };
		49597EE61940FCDB0078CECF /* PreferencesWindowTests.m in Sources */ = {isa = PBXBuildFile; fileRef = 40135D4E1923C73100E91FA9 /* PreferencesWindowTests.m */; };
		49597EE71940FCDE0078CECF /* NSUserDefaults+UnitTest.m in Sources */ = {isa = PBXBuildFile; fileRef = 40135D5E1923F51F00E91FA9 /* NSUserDefaults+UnitTest.m */; };
		49597EE81940FCE00078CECF /* NSTimer+UnitTest.m in Sources */ = {isa = PBXBuildFile; fileRef = 40135D511923D44D00E91FA9 /* NSTimer+UnitTest.m */; };
		49597EE91940FCEA0078CECF /* OCMock.framework in Frameworks */ = {isa = PBXBuildFile; fileRef = 49C7CC301940F44B00E3F807 /* OCMock.framework */; };
		49597EEA1940FCED0078CECF /* Cocoa.framework in Frameworks */ = {isa = PBXBuildFile; fileRef = 40BBBE231913BE1800AA5BC2 /* Cocoa.framework */; };
		49597EEC1940FCFB0078CECF /* OCMock.framework in CopyFiles */ = {isa = PBXBuildFile; fileRef = 49C7CC301940F44B00E3F807 /* OCMock.framework */; };
		49597EED1940FD530078CECF /* PreferencesWindowTestClass.m in Sources */ = {isa = PBXBuildFile; fileRef = 40135D451923BE9300E91FA9 /* PreferencesWindowTestClass.m */; };
		49597EEE1940FD530078CECF /* MasterViewControllerTestClass.m in Sources */ = {isa = PBXBuildFile; fileRef = 40135D4C1923BF1C00E91FA9 /* MasterViewControllerTestClass.m */; };
		49597EF01940FE880078CECF /* PasswordFactoryTests.m in Sources */ = {isa = PBXBuildFile; fileRef = 49597EEF1940FE880078CECF /* PasswordFactoryTests.m */; };
/* End PBXBuildFile section */

/* Begin PBXContainerItemProxy section */
		49597EE01940FCB80078CECF /* PBXContainerItemProxy */ = {
			isa = PBXContainerItemProxy;
			containerPortal = 40BBBE181913BE1800AA5BC2 /* Project object */;
			proxyType = 1;
			remoteGlobalIDString = 40BBBE1F1913BE1800AA5BC2;
			remoteInfo = "Password Factory";
		};
/* End PBXContainerItemProxy section */

/* Begin PBXCopyFilesBuildPhase section */
		49597EEB1940FCF50078CECF /* CopyFiles */ = {
			isa = PBXCopyFilesBuildPhase;
			buildActionMask = 2147483647;
			dstPath = "";
			dstSubfolderSpec = 16;
			files = (
				49597EEC1940FCFB0078CECF /* OCMock.framework in CopyFiles */,
			);
			runOnlyForDeploymentPostprocessing = 0;
		};
/* End PBXCopyFilesBuildPhase section */

/* Begin PBXFileReference section */
		40135D441923BE9300E91FA9 /* PreferencesWindowTestClass.h */ = {isa = PBXFileReference; fileEncoding = 4; lastKnownFileType = sourcecode.c.h; path = PreferencesWindowTestClass.h; sourceTree = "<group>"; };
		40135D451923BE9300E91FA9 /* PreferencesWindowTestClass.m */ = {isa = PBXFileReference; fileEncoding = 4; lastKnownFileType = sourcecode.c.objc; path = PreferencesWindowTestClass.m; sourceTree = "<group>"; };
		40135D4B1923BF1C00E91FA9 /* MasterViewControllerTestClass.h */ = {isa = PBXFileReference; fileEncoding = 4; lastKnownFileType = sourcecode.c.h; path = MasterViewControllerTestClass.h; sourceTree = "<group>"; };
		40135D4C1923BF1C00E91FA9 /* MasterViewControllerTestClass.m */ = {isa = PBXFileReference; fileEncoding = 4; lastKnownFileType = sourcecode.c.objc; path = MasterViewControllerTestClass.m; sourceTree = "<group>"; };
		40135D4E1923C73100E91FA9 /* PreferencesWindowTests.m */ = {isa = PBXFileReference; fileEncoding = 4; lastKnownFileType = sourcecode.c.objc; name = PreferencesWindowTests.m; path = ../PreferencesWindowTests.m; sourceTree = "<group>"; };
		40135D501923D44D00E91FA9 /* NSTimer+UnitTest.h */ = {isa = PBXFileReference; fileEncoding = 4; lastKnownFileType = sourcecode.c.h; path = "NSTimer+UnitTest.h"; sourceTree = "<group>"; };
		40135D511923D44D00E91FA9 /* NSTimer+UnitTest.m */ = {isa = PBXFileReference; fileEncoding = 4; lastKnownFileType = sourcecode.c.objc; path = "NSTimer+UnitTest.m"; sourceTree = "<group>"; };
		40135D5D1923F51F00E91FA9 /* NSUserDefaults+UnitTest.h */ = {isa = PBXFileReference; fileEncoding = 4; lastKnownFileType = sourcecode.c.h; path = "NSUserDefaults+UnitTest.h"; sourceTree = "<group>"; };
		40135D5E1923F51F00E91FA9 /* NSUserDefaults+UnitTest.m */ = {isa = PBXFileReference; fileEncoding = 4; lastKnownFileType = sourcecode.c.objc; path = "NSUserDefaults+UnitTest.m"; sourceTree = "<group>"; };
		40135D611925349500E91FA9 /* MASShortcut.h */ = {isa = PBXFileReference; fileEncoding = 4; lastKnownFileType = sourcecode.c.h; name = MASShortcut.h; path = ../MASShortcut/MASShortcut.h; sourceTree = "<group>"; };
		40135D621925349500E91FA9 /* MASShortcut.m */ = {isa = PBXFileReference; fileEncoding = 4; lastKnownFileType = sourcecode.c.objc; name = MASShortcut.m; path = ../MASShortcut/MASShortcut.m; sourceTree = "<group>"; };
		40135D631925349500E91FA9 /* MASShortcut+Monitoring.h */ = {isa = PBXFileReference; fileEncoding = 4; lastKnownFileType = sourcecode.c.h; name = "MASShortcut+Monitoring.h"; path = "../MASShortcut/MASShortcut+Monitoring.h"; sourceTree = "<group>"; };
		40135D641925349500E91FA9 /* MASShortcut+Monitoring.m */ = {isa = PBXFileReference; fileEncoding = 4; lastKnownFileType = sourcecode.c.objc; name = "MASShortcut+Monitoring.m"; path = "../MASShortcut/MASShortcut+Monitoring.m"; sourceTree = "<group>"; };
		40135D651925349500E91FA9 /* MASShortcut+UserDefaults.h */ = {isa = PBXFileReference; fileEncoding = 4; lastKnownFileType = sourcecode.c.h; name = "MASShortcut+UserDefaults.h"; path = "../MASShortcut/MASShortcut+UserDefaults.h"; sourceTree = "<group>"; };
		40135D661925349500E91FA9 /* MASShortcut+UserDefaults.m */ = {isa = PBXFileReference; fileEncoding = 4; lastKnownFileType = sourcecode.c.objc; name = "MASShortcut+UserDefaults.m"; path = "../MASShortcut/MASShortcut+UserDefaults.m"; sourceTree = "<group>"; };
		40135D671925349500E91FA9 /* MASShortcutView.h */ = {isa = PBXFileReference; fileEncoding = 4; lastKnownFileType = sourcecode.c.h; name = MASShortcutView.h; path = ../MASShortcut/MASShortcutView.h; sourceTree = "<group>"; };
		40135D681925349500E91FA9 /* MASShortcutView.m */ = {isa = PBXFileReference; fileEncoding = 4; lastKnownFileType = sourcecode.c.objc; name = MASShortcutView.m; path = ../MASShortcut/MASShortcutView.m; sourceTree = "<group>"; };
		40135D691925349500E91FA9 /* MASShortcutView+UserDefaults.h */ = {isa = PBXFileReference; fileEncoding = 4; lastKnownFileType = sourcecode.c.h; name = "MASShortcutView+UserDefaults.h"; path = "../MASShortcut/MASShortcutView+UserDefaults.h"; sourceTree = "<group>"; };
		40135D6A1925349500E91FA9 /* MASShortcutView+UserDefaults.m */ = {isa = PBXFileReference; fileEncoding = 4; lastKnownFileType = sourcecode.c.objc; name = "MASShortcutView+UserDefaults.m"; path = "../MASShortcut/MASShortcutView+UserDefaults.m"; sourceTree = "<group>"; };
		403BC3811922AFB3005C92D3 /* PreferencesWindowController.h */ = {isa = PBXFileReference; fileEncoding = 4; lastKnownFileType = sourcecode.c.h; path = PreferencesWindowController.h; sourceTree = "<group>"; };
		403BC3821922AFB3005C92D3 /* PreferencesWindowController.m */ = {isa = PBXFileReference; fileEncoding = 4; lastKnownFileType = sourcecode.c.objc; path = PreferencesWindowController.m; sourceTree = "<group>"; };
		403BC3861922B658005C92D3 /* defaults.plist */ = {isa = PBXFileReference; fileEncoding = 4; lastKnownFileType = text.plist.xml; path = defaults.plist; sourceTree = "<group>"; };
		404783981935115800971CB1 /* menu-icon.png */ = {isa = PBXFileReference; lastKnownFileType = image.png; path = "menu-icon.png"; sourceTree = "<group>"; };
		404783991935115800971CB1 /* menu-icon@2x.png */ = {isa = PBXFileReference; lastKnownFileType = image.png; path = "menu-icon@2x.png"; sourceTree = "<group>"; };
		4047839C19351A8F00971CB1 /* menu-icon-inv.png */ = {isa = PBXFileReference; lastKnownFileType = image.png; path = "menu-icon-inv.png"; sourceTree = "<group>"; };
		4047839D19351A8F00971CB1 /* menu-icon-inv@2x.png */ = {isa = PBXFileReference; lastKnownFileType = image.png; path = "menu-icon-inv@2x.png"; sourceTree = "<group>"; };
		404783A01936600500971CB1 /* PasswordFactory.help */ = {isa = PBXFileReference; lastKnownFileType = folder; name = PasswordFactory.help; path = "Password Factory/PasswordFactory.help"; sourceTree = "<group>"; };
		405B5F4E192D86DB00938AFF /* PreferencesWindowController.xib */ = {isa = PBXFileReference; fileEncoding = 4; lastKnownFileType = file.xib; name = PreferencesWindowController.xib; path = ../PreferencesWindowController.xib; sourceTree = "<group>"; };
		4092E6151922CC4B008072ED /* NSColor+NSColorHexadecimalValue.h */ = {isa = PBXFileReference; fileEncoding = 4; lastKnownFileType = sourcecode.c.h; path = "NSColor+NSColorHexadecimalValue.h"; sourceTree = "<group>"; };
		4092E6161922CC4B008072ED /* NSColor+NSColorHexadecimalValue.m */ = {isa = PBXFileReference; fileEncoding = 4; lastKnownFileType = sourcecode.c.objc; path = "NSColor+NSColorHexadecimalValue.m"; sourceTree = "<group>"; };
		40A152371913E8AB0091E264 /* frequency_lists.json */ = {isa = PBXFileReference; fileEncoding = 4; lastKnownFileType = text.json; name = frequency_lists.json; path = ../ZXCVBN/ZXCVBN/frequency_lists.json; sourceTree = "<group>"; };
		40A152381913E8AB0091E264 /* adjacency_graphs.json */ = {isa = PBXFileReference; fileEncoding = 4; lastKnownFileType = text.json; name = adjacency_graphs.json; path = ../ZXCVBN/ZXCVBN/adjacency_graphs.json; sourceTree = "<group>"; };
		40A152391913E8AB0091E264 /* BBDateMatcher.h */ = {isa = PBXFileReference; fileEncoding = 4; lastKnownFileType = sourcecode.c.h; name = BBDateMatcher.h; path = ../ZXCVBN/ZXCVBN/BBDateMatcher.h; sourceTree = "<group>"; };
		40A1523A1913E8AB0091E264 /* BBDateMatcher.m */ = {isa = PBXFileReference; fileEncoding = 4; lastKnownFileType = sourcecode.c.objc; name = BBDateMatcher.m; path = ../ZXCVBN/ZXCVBN/BBDateMatcher.m; sourceTree = "<group>"; };
		40A1523B1913E8AB0091E264 /* BBDictionaryMatcher.h */ = {isa = PBXFileReference; fileEncoding = 4; lastKnownFileType = sourcecode.c.h; name = BBDictionaryMatcher.h; path = ../ZXCVBN/ZXCVBN/BBDictionaryMatcher.h; sourceTree = "<group>"; };
		40A1523C1913E8AB0091E264 /* BBDictionaryMatcher.m */ = {isa = PBXFileReference; fileEncoding = 4; lastKnownFileType = sourcecode.c.objc; name = BBDictionaryMatcher.m; path = ../ZXCVBN/ZXCVBN/BBDictionaryMatcher.m; sourceTree = "<group>"; };
		40A1523D1913E8AB0091E264 /* BBDigitsMatcher.h */ = {isa = PBXFileReference; fileEncoding = 4; lastKnownFileType = sourcecode.c.h; name = BBDigitsMatcher.h; path = ../ZXCVBN/ZXCVBN/BBDigitsMatcher.h; sourceTree = "<group>"; };
		40A1523E1913E8AB0091E264 /* BBDigitsMatcher.m */ = {isa = PBXFileReference; fileEncoding = 4; lastKnownFileType = sourcecode.c.objc; name = BBDigitsMatcher.m; path = ../ZXCVBN/ZXCVBN/BBDigitsMatcher.m; sourceTree = "<group>"; };
		40A1523F1913E8AB0091E264 /* BBEntropyCenter.h */ = {isa = PBXFileReference; fileEncoding = 4; lastKnownFileType = sourcecode.c.h; name = BBEntropyCenter.h; path = ../ZXCVBN/ZXCVBN/BBEntropyCenter.h; sourceTree = "<group>"; };
		40A152401913E8AB0091E264 /* BBEntropyCenter.m */ = {isa = PBXFileReference; fileEncoding = 4; lastKnownFileType = sourcecode.c.objc; name = BBEntropyCenter.m; path = ../ZXCVBN/ZXCVBN/BBEntropyCenter.m; sourceTree = "<group>"; };
		40A152411913E8AB0091E264 /* BBL33tMatcher.h */ = {isa = PBXFileReference; fileEncoding = 4; lastKnownFileType = sourcecode.c.h; name = BBL33tMatcher.h; path = ../ZXCVBN/ZXCVBN/BBL33tMatcher.h; sourceTree = "<group>"; };
		40A152421913E8AB0091E264 /* BBL33tMatcher.m */ = {isa = PBXFileReference; fileEncoding = 4; lastKnownFileType = sourcecode.c.objc; name = BBL33tMatcher.m; path = ../ZXCVBN/ZXCVBN/BBL33tMatcher.m; sourceTree = "<group>"; };
		40A152431913E8AB0091E264 /* BBPasswordStrength.h */ = {isa = PBXFileReference; fileEncoding = 4; lastKnownFileType = sourcecode.c.h; name = BBPasswordStrength.h; path = ../ZXCVBN/ZXCVBN/BBPasswordStrength.h; sourceTree = "<group>"; };
		40A152441913E8AB0091E264 /* BBPasswordStrength.m */ = {isa = PBXFileReference; fileEncoding = 4; lastKnownFileType = sourcecode.c.objc; name = BBPasswordStrength.m; path = ../ZXCVBN/ZXCVBN/BBPasswordStrength.m; sourceTree = "<group>"; };
		40A152451913E8AB0091E264 /* BBPattern.h */ = {isa = PBXFileReference; fileEncoding = 4; lastKnownFileType = sourcecode.c.h; name = BBPattern.h; path = ../ZXCVBN/ZXCVBN/BBPattern.h; sourceTree = "<group>"; };
		40A152461913E8AB0091E264 /* BBPattern.m */ = {isa = PBXFileReference; fileEncoding = 4; lastKnownFileType = sourcecode.c.objc; name = BBPattern.m; path = ../ZXCVBN/ZXCVBN/BBPattern.m; sourceTree = "<group>"; };
		40A152471913E8AB0091E264 /* BBPatternCenter.h */ = {isa = PBXFileReference; fileEncoding = 4; lastKnownFileType = sourcecode.c.h; name = BBPatternCenter.h; path = ../ZXCVBN/ZXCVBN/BBPatternCenter.h; sourceTree = "<group>"; };
		40A152481913E8AB0091E264 /* BBPatternCenter.m */ = {isa = PBXFileReference; fileEncoding = 4; lastKnownFileType = sourcecode.c.objc; name = BBPatternCenter.m; path = ../ZXCVBN/ZXCVBN/BBPatternCenter.m; sourceTree = "<group>"; };
		40A152491913E8AB0091E264 /* BBPatternMatcher.h */ = {isa = PBXFileReference; fileEncoding = 4; lastKnownFileType = sourcecode.c.h; name = BBPatternMatcher.h; path = ../ZXCVBN/ZXCVBN/BBPatternMatcher.h; sourceTree = "<group>"; };
		40A1524A1913E8AB0091E264 /* BBRegularExpressionMatchHelper.h */ = {isa = PBXFileReference; fileEncoding = 4; lastKnownFileType = sourcecode.c.h; name = BBRegularExpressionMatchHelper.h; path = ../ZXCVBN/ZXCVBN/BBRegularExpressionMatchHelper.h; sourceTree = "<group>"; };
		40A1524B1913E8AB0091E264 /* BBRegularExpressionMatchHelper.m */ = {isa = PBXFileReference; fileEncoding = 4; lastKnownFileType = sourcecode.c.objc; name = BBRegularExpressionMatchHelper.m; path = ../ZXCVBN/ZXCVBN/BBRegularExpressionMatchHelper.m; sourceTree = "<group>"; };
		40A1524C1913E8AB0091E264 /* BBRepeatMatcher.h */ = {isa = PBXFileReference; fileEncoding = 4; lastKnownFileType = sourcecode.c.h; name = BBRepeatMatcher.h; path = ../ZXCVBN/ZXCVBN/BBRepeatMatcher.h; sourceTree = "<group>"; };
		40A1524D1913E8AB0091E264 /* BBRepeatMatcher.m */ = {isa = PBXFileReference; fileEncoding = 4; lastKnownFileType = sourcecode.c.objc; name = BBRepeatMatcher.m; path = ../ZXCVBN/ZXCVBN/BBRepeatMatcher.m; sourceTree = "<group>"; };
		40A1524E1913E8AB0091E264 /* BBSequenceMatcher.h */ = {isa = PBXFileReference; fileEncoding = 4; lastKnownFileType = sourcecode.c.h; name = BBSequenceMatcher.h; path = ../ZXCVBN/ZXCVBN/BBSequenceMatcher.h; sourceTree = "<group>"; };
		40A1524F1913E8AB0091E264 /* BBSequenceMatcher.m */ = {isa = PBXFileReference; fileEncoding = 4; lastKnownFileType = sourcecode.c.objc; name = BBSequenceMatcher.m; path = ../ZXCVBN/ZXCVBN/BBSequenceMatcher.m; sourceTree = "<group>"; };
		40A152501913E8AB0091E264 /* BBSpatialMatcher.h */ = {isa = PBXFileReference; fileEncoding = 4; lastKnownFileType = sourcecode.c.h; name = BBSpatialMatcher.h; path = ../ZXCVBN/ZXCVBN/BBSpatialMatcher.h; sourceTree = "<group>"; };
		40A152511913E8AB0091E264 /* BBSpatialMatcher.m */ = {isa = PBXFileReference; fileEncoding = 4; lastKnownFileType = sourcecode.c.objc; name = BBSpatialMatcher.m; path = ../ZXCVBN/ZXCVBN/BBSpatialMatcher.m; sourceTree = "<group>"; };
		40A152521913E8AB0091E264 /* BBYearMatcher.h */ = {isa = PBXFileReference; fileEncoding = 4; lastKnownFileType = sourcecode.c.h; name = BBYearMatcher.h; path = ../ZXCVBN/ZXCVBN/BBYearMatcher.h; sourceTree = "<group>"; };
		40A152531913E8AB0091E264 /* BBYearMatcher.m */ = {isa = PBXFileReference; fileEncoding = 4; lastKnownFileType = sourcecode.c.objc; name = BBYearMatcher.m; path = ../ZXCVBN/ZXCVBN/BBYearMatcher.m; sourceTree = "<group>"; };
		40BBBE201913BE1800AA5BC2 /* Password Factory.app */ = {isa = PBXFileReference; explicitFileType = wrapper.application; includeInIndex = 0; path = "Password Factory.app"; sourceTree = BUILT_PRODUCTS_DIR; };
		40BBBE231913BE1800AA5BC2 /* Cocoa.framework */ = {isa = PBXFileReference; lastKnownFileType = wrapper.framework; name = Cocoa.framework; path = System/Library/Frameworks/Cocoa.framework; sourceTree = SDKROOT; };
		40BBBE261913BE1800AA5BC2 /* AppKit.framework */ = {isa = PBXFileReference; lastKnownFileType = wrapper.framework; name = AppKit.framework; path = System/Library/Frameworks/AppKit.framework; sourceTree = SDKROOT; };
		40BBBE271913BE1800AA5BC2 /* CoreData.framework */ = {isa = PBXFileReference; lastKnownFileType = wrapper.framework; name = CoreData.framework; path = System/Library/Frameworks/CoreData.framework; sourceTree = SDKROOT; };
		40BBBE281913BE1800AA5BC2 /* Foundation.framework */ = {isa = PBXFileReference; lastKnownFileType = wrapper.framework; name = Foundation.framework; path = System/Library/Frameworks/Foundation.framework; sourceTree = SDKROOT; };
		40BBBE2B1913BE1800AA5BC2 /* Password Factory-Info.plist */ = {isa = PBXFileReference; lastKnownFileType = text.plist.xml; path = "Password Factory-Info.plist"; sourceTree = "<group>"; };
		40BBBE2D1913BE1800AA5BC2 /* en */ = {isa = PBXFileReference; lastKnownFileType = text.plist.strings; name = en; path = en.lproj/InfoPlist.strings; sourceTree = "<group>"; };
		40BBBE2F1913BE1800AA5BC2 /* main.m */ = {isa = PBXFileReference; lastKnownFileType = sourcecode.c.objc; path = main.m; sourceTree = "<group>"; };
		40BBBE311913BE1800AA5BC2 /* Password Factory-Prefix.pch */ = {isa = PBXFileReference; lastKnownFileType = sourcecode.c.h; path = "Password Factory-Prefix.pch"; sourceTree = "<group>"; };
		40BBBE331913BE1800AA5BC2 /* en */ = {isa = PBXFileReference; lastKnownFileType = text.rtf; name = en; path = en.lproj/Credits.rtf; sourceTree = "<group>"; };
		40BBBE351913BE1800AA5BC2 /* AppDelegate.h */ = {isa = PBXFileReference; lastKnownFileType = sourcecode.c.h; path = AppDelegate.h; sourceTree = "<group>"; };
		40BBBE361913BE1800AA5BC2 /* AppDelegate.m */ = {isa = PBXFileReference; lastKnownFileType = sourcecode.c.objc; path = AppDelegate.m; sourceTree = "<group>"; };
		40BBBE391913BE1800AA5BC2 /* Base */ = {isa = PBXFileReference; lastKnownFileType = file.xib; name = Base; path = Base.lproj/MainMenu.xib; sourceTree = "<group>"; };
		40BBBE3B1913BE1800AA5BC2 /* Images.xcassets */ = {isa = PBXFileReference; lastKnownFileType = folder.assetcatalog; path = Images.xcassets; sourceTree = "<group>"; };
		40BBBE421913BE1800AA5BC2 /* XCTest.framework */ = {isa = PBXFileReference; lastKnownFileType = wrapper.framework; name = XCTest.framework; path = Library/Frameworks/XCTest.framework; sourceTree = DEVELOPER_DIR; };
		40BBBE491913BE1800AA5BC2 /* Password FactoryTests-Info.plist */ = {isa = PBXFileReference; lastKnownFileType = text.plist.xml; path = "Password FactoryTests-Info.plist"; sourceTree = "<group>"; };
		40BBBE4B1913BE1800AA5BC2 /* en */ = {isa = PBXFileReference; lastKnownFileType = text.plist.strings; name = en; path = en.lproj/InfoPlist.strings; sourceTree = "<group>"; };
		40BBBE5E1913BF7E00AA5BC2 /* MasterViewController.h */ = {isa = PBXFileReference; fileEncoding = 4; lastKnownFileType = sourcecode.c.h; name = MasterViewController.h; path = ../MasterViewController.h; sourceTree = "<group>"; };
		40BBBE5F1913BF7E00AA5BC2 /* MasterViewController.m */ = {isa = PBXFileReference; fileEncoding = 4; lastKnownFileType = sourcecode.c.objc; name = MasterViewController.m; path = ../MasterViewController.m; sourceTree = "<group>"; };
		40BBBE601913BF7E00AA5BC2 /* MasterViewController.xib */ = {isa = PBXFileReference; fileEncoding = 4; lastKnownFileType = file.xib; name = MasterViewController.xib; path = ../MasterViewController.xib; sourceTree = "<group>"; };
		40BBBE631913C0CF00AA5BC2 /* PasswordFactory.h */ = {isa = PBXFileReference; fileEncoding = 4; lastKnownFileType = sourcecode.c.h; path = PasswordFactory.h; sourceTree = "<group>"; };
		40BBBE641913C0CF00AA5BC2 /* PasswordFactory.m */ = {isa = PBXFileReference; fileEncoding = 4; lastKnownFileType = sourcecode.c.objc; path = PasswordFactory.m; sourceTree = "<group>"; };
		40C6872A1947B96800BFA14A /* NSWindow+canBecomeKeyWindow.h */ = {isa = PBXFileReference; fileEncoding = 4; lastKnownFileType = sourcecode.c.h; name = "NSWindow+canBecomeKeyWindow.h"; path = "../NSWindow+canBecomeKeyWindow.h"; sourceTree = "<group>"; };
		40C6872B1947B96800BFA14A /* NSWindow+canBecomeKeyWindow.m */ = {isa = PBXFileReference; fileEncoding = 4; lastKnownFileType = sourcecode.c.objc; name = "NSWindow+canBecomeKeyWindow.m"; path = "../NSWindow+canBecomeKeyWindow.m"; sourceTree = "<group>"; };
		40C6872D1947C1B500BFA14A /* Password Factory.entitlements */ = {isa = PBXFileReference; lastKnownFileType = text.xml; path = "Password Factory.entitlements"; sourceTree = "<group>"; };
		49597ED51940FCB60078CECF /* Password FactoryTests.xctest */ = {isa = PBXFileReference; explicitFileType = wrapper.cfbundle; includeInIndex = 0; path = "Password FactoryTests.xctest"; sourceTree = BUILT_PRODUCTS_DIR; };
		49597ED91940FCB70078CECF /* Password FactoryTests-Info.plist */ = {isa = PBXFileReference; lastKnownFileType = text.plist.xml; path = "Password FactoryTests-Info.plist"; sourceTree = "<group>"; };
		49597EDB1940FCB70078CECF /* en */ = {isa = PBXFileReference; lastKnownFileType = text.plist.strings; name = en; path = en.lproj/InfoPlist.strings; sourceTree = "<group>"; };
		49597EDF1940FCB80078CECF /* Password FactoryTests-Prefix.pch */ = {isa = PBXFileReference; lastKnownFileType = sourcecode.c.h; path = "Password FactoryTests-Prefix.pch"; sourceTree = "<group>"; };
		49597EEF1940FE880078CECF /* PasswordFactoryTests.m */ = {isa = PBXFileReference; fileEncoding = 4; lastKnownFileType = sourcecode.c.objc; path = PasswordFactoryTests.m; sourceTree = "<group>"; };
		49C7CC301940F44B00E3F807 /* OCMock.framework */ = {isa = PBXFileReference; lastKnownFileType = wrapper.framework; path = OCMock.framework; sourceTree = "<group>"; };
		49F27CDF1917EB47008DD7C6 /* MasterViewControllerTests.m */ = {isa = PBXFileReference; fileEncoding = 4; lastKnownFileType = sourcecode.c.objc; name = MasterViewControllerTests.m; path = "../Password Factory/MasterViewControllerTests.m"; sourceTree = "<group>"; };
/* End PBXFileReference section */

/* Begin PBXFrameworksBuildPhase section */
		40BBBE1D1913BE1800AA5BC2 /* Frameworks */ = {
			isa = PBXFrameworksBuildPhase;
			buildActionMask = 2147483647;
			files = (
				40BBBE241913BE1800AA5BC2 /* Cocoa.framework in Frameworks */,
			);
			runOnlyForDeploymentPostprocessing = 0;
		};
		49597ED21940FCB60078CECF /* Frameworks */ = {
			isa = PBXFrameworksBuildPhase;
			buildActionMask = 2147483647;
			files = (
				49597ED61940FCB70078CECF /* XCTest.framework in Frameworks */,
				49597EE91940FCEA0078CECF /* OCMock.framework in Frameworks */,
				49597EEA1940FCED0078CECF /* Cocoa.framework in Frameworks */,
			);
			runOnlyForDeploymentPostprocessing = 0;
		};
/* End PBXFrameworksBuildPhase section */

/* Begin PBXGroup section */
		40135D471923BEA100E91FA9 /* Classes */ = {
			isa = PBXGroup;
			children = (
				40135D441923BE9300E91FA9 /* PreferencesWindowTestClass.h */,
				40135D451923BE9300E91FA9 /* PreferencesWindowTestClass.m */,
				40135D4B1923BF1C00E91FA9 /* MasterViewControllerTestClass.h */,
				40135D4C1923BF1C00E91FA9 /* MasterViewControllerTestClass.m */,
			);
			name = Classes;
			sourceTree = "<group>";
		};
		40135D561923E91D00E91FA9 /* Categories */ = {
			isa = PBXGroup;
			children = (
				40135D501923D44D00E91FA9 /* NSTimer+UnitTest.h */,
				40135D511923D44D00E91FA9 /* NSTimer+UnitTest.m */,
				40135D5D1923F51F00E91FA9 /* NSUserDefaults+UnitTest.h */,
				40135D5E1923F51F00E91FA9 /* NSUserDefaults+UnitTest.m */,
			);
			name = Categories;
			sourceTree = "<group>";
		};
		40135D601925347A00E91FA9 /* MASSShortCut */ = {
			isa = PBXGroup;
			children = (
				40135D611925349500E91FA9 /* MASShortcut.h */,
				40135D621925349500E91FA9 /* MASShortcut.m */,
				40135D631925349500E91FA9 /* MASShortcut+Monitoring.h */,
				40135D641925349500E91FA9 /* MASShortcut+Monitoring.m */,
				40135D651925349500E91FA9 /* MASShortcut+UserDefaults.h */,
				40135D661925349500E91FA9 /* MASShortcut+UserDefaults.m */,
				40135D671925349500E91FA9 /* MASShortcutView.h */,
				40135D681925349500E91FA9 /* MASShortcutView.m */,
				40135D691925349500E91FA9 /* MASShortcutView+UserDefaults.h */,
				40135D6A1925349500E91FA9 /* MASShortcutView+UserDefaults.m */,
			);
			name = MASSShortCut;
			sourceTree = "<group>";
		};
		40135D8419256FCB00E91FA9 /* GUI */ = {
			isa = PBXGroup;
			children = (
				40BBBE671913C0F800AA5BC2 /* XIBs */,
				40BBBE5E1913BF7E00AA5BC2 /* MasterViewController.h */,
				40BBBE5F1913BF7E00AA5BC2 /* MasterViewController.m */,
				403BC3811922AFB3005C92D3 /* PreferencesWindowController.h */,
				403BC3821922AFB3005C92D3 /* PreferencesWindowController.m */,
			);
			name = GUI;
			sourceTree = "<group>";
		};
		404783A21936611500971CB1 /* Resources */ = {
			isa = PBXGroup;
			children = (
				404783A01936600500971CB1 /* PasswordFactory.help */,
			);
			name = Resources;
			sourceTree = "<group>";
		};
		40596E1D192BAE7900A1D0B6 /* Delegate */ = {
			isa = PBXGroup;
			children = (
				40BBBE351913BE1800AA5BC2 /* AppDelegate.h */,
				40BBBE361913BE1800AA5BC2 /* AppDelegate.m */,
			);
			name = Delegate;
			sourceTree = "<group>";
		};
		40596E1E192BAE8800A1D0B6 /* Categories */ = {
			isa = PBXGroup;
			children = (
				40C6872A1947B96800BFA14A /* NSWindow+canBecomeKeyWindow.h */,
				40C6872B1947B96800BFA14A /* NSWindow+canBecomeKeyWindow.m */,
				4092E6151922CC4B008072ED /* NSColor+NSColorHexadecimalValue.h */,
				4092E6161922CC4B008072ED /* NSColor+NSColorHexadecimalValue.m */,
			);
			name = Categories;
			sourceTree = "<group>";
		};
		40A152361913E8850091E264 /* ZXCVBN */ = {
			isa = PBXGroup;
			children = (
				40A152371913E8AB0091E264 /* frequency_lists.json */,
				40A152381913E8AB0091E264 /* adjacency_graphs.json */,
				40A152391913E8AB0091E264 /* BBDateMatcher.h */,
				40A1523A1913E8AB0091E264 /* BBDateMatcher.m */,
				40A1523B1913E8AB0091E264 /* BBDictionaryMatcher.h */,
				40A1523C1913E8AB0091E264 /* BBDictionaryMatcher.m */,
				40A1523D1913E8AB0091E264 /* BBDigitsMatcher.h */,
				40A1523E1913E8AB0091E264 /* BBDigitsMatcher.m */,
				40A1523F1913E8AB0091E264 /* BBEntropyCenter.h */,
				40A152401913E8AB0091E264 /* BBEntropyCenter.m */,
				40A152411913E8AB0091E264 /* BBL33tMatcher.h */,
				40A152421913E8AB0091E264 /* BBL33tMatcher.m */,
				40A152431913E8AB0091E264 /* BBPasswordStrength.h */,
				40A152441913E8AB0091E264 /* BBPasswordStrength.m */,
				40A152451913E8AB0091E264 /* BBPattern.h */,
				40A152461913E8AB0091E264 /* BBPattern.m */,
				40A152471913E8AB0091E264 /* BBPatternCenter.h */,
				40A152481913E8AB0091E264 /* BBPatternCenter.m */,
				40A152491913E8AB0091E264 /* BBPatternMatcher.h */,
				40A1524A1913E8AB0091E264 /* BBRegularExpressionMatchHelper.h */,
				40A1524B1913E8AB0091E264 /* BBRegularExpressionMatchHelper.m */,
				40A1524C1913E8AB0091E264 /* BBRepeatMatcher.h */,
				40A1524D1913E8AB0091E264 /* BBRepeatMatcher.m */,
				40A1524E1913E8AB0091E264 /* BBSequenceMatcher.h */,
				40A1524F1913E8AB0091E264 /* BBSequenceMatcher.m */,
				40A152501913E8AB0091E264 /* BBSpatialMatcher.h */,
				40A152511913E8AB0091E264 /* BBSpatialMatcher.m */,
				40A152521913E8AB0091E264 /* BBYearMatcher.h */,
				40A152531913E8AB0091E264 /* BBYearMatcher.m */,
			);
			name = ZXCVBN;
			sourceTree = "<group>";
		};
		40BBBE171913BE1800AA5BC2 = {
			isa = PBXGroup;
			children = (
				404783A21936611500971CB1 /* Resources */,
				40BBBE291913BE1800AA5BC2 /* Password Factory */,
				40BBBE471913BE1800AA5BC2 /* Password FactoryTests */,
				40135D601925347A00E91FA9 /* MASSShortCut */,
				40A152361913E8850091E264 /* ZXCVBN */,
				49597ED71940FCB70078CECF /* Password FactoryTests */,
				40BBBE221913BE1800AA5BC2 /* Frameworks */,
				40BBBE211913BE1800AA5BC2 /* Products */,
			);
			sourceTree = "<group>";
		};
		40BBBE211913BE1800AA5BC2 /* Products */ = {
			isa = PBXGroup;
			children = (
				40BBBE201913BE1800AA5BC2 /* Password Factory.app */,
				49597ED51940FCB60078CECF /* Password FactoryTests.xctest */,
			);
			name = Products;
			sourceTree = "<group>";
		};
		40BBBE221913BE1800AA5BC2 /* Frameworks */ = {
			isa = PBXGroup;
			children = (
				49C7CC301940F44B00E3F807 /* OCMock.framework */,
				40BBBE231913BE1800AA5BC2 /* Cocoa.framework */,
				40BBBE421913BE1800AA5BC2 /* XCTest.framework */,
				40BBBE251913BE1800AA5BC2 /* Other Frameworks */,
			);
			name = Frameworks;
			sourceTree = "<group>";
		};
		40BBBE251913BE1800AA5BC2 /* Other Frameworks */ = {
			isa = PBXGroup;
			children = (
				40BBBE261913BE1800AA5BC2 /* AppKit.framework */,
				40BBBE271913BE1800AA5BC2 /* CoreData.framework */,
				40BBBE281913BE1800AA5BC2 /* Foundation.framework */,
			);
			name = "Other Frameworks";
			sourceTree = "<group>";
		};
		40BBBE291913BE1800AA5BC2 /* Password Factory */ = {
			isa = PBXGroup;
			children = (
				40C6872D1947C1B500BFA14A /* Password Factory.entitlements */,
				40596E1E192BAE8800A1D0B6 /* Categories */,
				40596E1D192BAE7900A1D0B6 /* Delegate */,
				40BBBE661913C0E400AA5BC2 /* Model */,
				40135D8419256FCB00E91FA9 /* GUI */,
				40BBBE3B1913BE1800AA5BC2 /* Images.xcassets */,
				40BBBE2A1913BE1800AA5BC2 /* Supporting Files */,
			);
			path = "Password Factory";
			sourceTree = "<group>";
		};
		40BBBE2A1913BE1800AA5BC2 /* Supporting Files */ = {
			isa = PBXGroup;
			children = (
				4047839C19351A8F00971CB1 /* menu-icon-inv.png */,
				4047839D19351A8F00971CB1 /* menu-icon-inv@2x.png */,
				404783981935115800971CB1 /* menu-icon.png */,
				404783991935115800971CB1 /* menu-icon@2x.png */,
				40BBBE2B1913BE1800AA5BC2 /* Password Factory-Info.plist */,
				40BBBE2C1913BE1800AA5BC2 /* InfoPlist.strings */,
				40BBBE2F1913BE1800AA5BC2 /* main.m */,
				40BBBE311913BE1800AA5BC2 /* Password Factory-Prefix.pch */,
				40BBBE321913BE1800AA5BC2 /* Credits.rtf */,
				403BC3861922B658005C92D3 /* defaults.plist */,
			);
			name = "Supporting Files";
			sourceTree = "<group>";
		};
		40BBBE471913BE1800AA5BC2 /* Password FactoryTests */ = {
			isa = PBXGroup;
			children = (
				40135D561923E91D00E91FA9 /* Categories */,
				40135D471923BEA100E91FA9 /* Classes */,
				49597EEF1940FE880078CECF /* PasswordFactoryTests.m */,
				40135D4E1923C73100E91FA9 /* PreferencesWindowTests.m */,
				49F27CDF1917EB47008DD7C6 /* MasterViewControllerTests.m */,
				40BBBE481913BE1800AA5BC2 /* Supporting Files */,
			);
			path = "Password FactoryTests";
			sourceTree = "<group>";
		};
		40BBBE481913BE1800AA5BC2 /* Supporting Files */ = {
			isa = PBXGroup;
			children = (
				40BBBE491913BE1800AA5BC2 /* Password FactoryTests-Info.plist */,
				40BBBE4A1913BE1800AA5BC2 /* InfoPlist.strings */,
			);
			name = "Supporting Files";
			sourceTree = "<group>";
		};
		40BBBE661913C0E400AA5BC2 /* Model */ = {
			isa = PBXGroup;
			children = (
				40BBBE631913C0CF00AA5BC2 /* PasswordFactory.h */,
				40BBBE641913C0CF00AA5BC2 /* PasswordFactory.m */,
			);
			name = Model;
			sourceTree = "<group>";
		};
		40BBBE671913C0F800AA5BC2 /* XIBs */ = {
			isa = PBXGroup;
			children = (
				405B5F4E192D86DB00938AFF /* PreferencesWindowController.xib */,
				40BBBE601913BF7E00AA5BC2 /* MasterViewController.xib */,
				40BBBE381913BE1800AA5BC2 /* MainMenu.xib */,
			);
			name = XIBs;
			sourceTree = "<group>";
		};
		49597ED71940FCB70078CECF /* Password FactoryTests */ = {
			isa = PBXGroup;
			children = (
				49597ED81940FCB70078CECF /* Supporting Files */,
			);
			path = "Password FactoryTests";
			sourceTree = "<group>";
		};
		49597ED81940FCB70078CECF /* Supporting Files */ = {
			isa = PBXGroup;
			children = (
				49597ED91940FCB70078CECF /* Password FactoryTests-Info.plist */,
				49597EDA1940FCB70078CECF /* InfoPlist.strings */,
				49597EDF1940FCB80078CECF /* Password FactoryTests-Prefix.pch */,
			);
			name = "Supporting Files";
			sourceTree = "<group>";
		};
/* End PBXGroup section */

/* Begin PBXNativeTarget section */
		40BBBE1F1913BE1800AA5BC2 /* Password Factory */ = {
			isa = PBXNativeTarget;
			buildConfigurationList = 40BBBE511913BE1800AA5BC2 /* Build configuration list for PBXNativeTarget "Password Factory" */;
			buildPhases = (
				40BBBE1C1913BE1800AA5BC2 /* Sources */,
				40BBBE1D1913BE1800AA5BC2 /* Frameworks */,
				40BBBE1E1913BE1800AA5BC2 /* Resources */,
			);
			buildRules = (
			);
			dependencies = (
			);
			name = "Password Factory";
			productName = "Password Factory";
			productReference = 40BBBE201913BE1800AA5BC2 /* Password Factory.app */;
			productType = "com.apple.product-type.application";
		};
		49597ED41940FCB60078CECF /* Password FactoryTests */ = {
			isa = PBXNativeTarget;
			buildConfigurationList = 49597EE21940FCB80078CECF /* Build configuration list for PBXNativeTarget "Password FactoryTests" */;
			buildPhases = (
				49597EEB1940FCF50078CECF /* CopyFiles */,
				49597ED11940FCB60078CECF /* Sources */,
				49597ED21940FCB60078CECF /* Frameworks */,
				49597ED31940FCB60078CECF /* Resources */,
			);
			buildRules = (
			);
			dependencies = (
				49597EE11940FCB80078CECF /* PBXTargetDependency */,
			);
			name = "Password FactoryTests";
			productName = "Password FactoryTests";
			productReference = 49597ED51940FCB60078CECF /* Password FactoryTests.xctest */;
			productType = "com.apple.product-type.bundle.unit-test";
		};
/* End PBXNativeTarget section */

/* Begin PBXProject section */
		40BBBE181913BE1800AA5BC2 /* Project object */ = {
			isa = PBXProject;
			attributes = {
				LastUpgradeCheck = 0510;
				ORGANIZATIONNAME = c13;
				TargetAttributes = {
					40BBBE1F1913BE1800AA5BC2 = {
						SystemCapabilities = {
							com.apple.Sandbox = {
								enabled = 1;
							};
						};
					};
					49597ED41940FCB60078CECF = {
						TestTargetID = 40BBBE1F1913BE1800AA5BC2;
					};
				};
			};
			buildConfigurationList = 40BBBE1B1913BE1800AA5BC2 /* Build configuration list for PBXProject "Password Factory" */;
			compatibilityVersion = "Xcode 3.2";
			developmentRegion = English;
			hasScannedForEncodings = 0;
			knownRegions = (
				en,
				Base,
			);
			mainGroup = 40BBBE171913BE1800AA5BC2;
			productRefGroup = 40BBBE211913BE1800AA5BC2 /* Products */;
			projectDirPath = "";
			projectRoot = "";
			targets = (
				40BBBE1F1913BE1800AA5BC2 /* Password Factory */,
				49597ED41940FCB60078CECF /* Password FactoryTests */,
			);
		};
/* End PBXProject section */

/* Begin PBXResourcesBuildPhase section */
		40BBBE1E1913BE1800AA5BC2 /* Resources */ = {
			isa = PBXResourcesBuildPhase;
			buildActionMask = 2147483647;
			files = (
				4047839E19351A8F00971CB1 /* menu-icon-inv.png in Resources */,
				4047839A1935115800971CB1 /* menu-icon.png in Resources */,
				405B5F50192D86DB00938AFF /* PreferencesWindowController.xib in Resources */,
				403BC3871922B658005C92D3 /* defaults.plist in Resources */,
				40BBBE621913BF7E00AA5BC2 /* MasterViewController.xib in Resources */,
				40BBBE2E1913BE1800AA5BC2 /* InfoPlist.strings in Resources */,
				40A152541913E8AB0091E264 /* frequency_lists.json in Resources */,
				40A152551913E8AB0091E264 /* adjacency_graphs.json in Resources */,
				4047839B1935115800971CB1 /* menu-icon@2x.png in Resources */,
				4047839F19351A8F00971CB1 /* menu-icon-inv@2x.png in Resources */,
				40BBBE3C1913BE1800AA5BC2 /* Images.xcassets in Resources */,
				404783A31936613E00971CB1 /* PasswordFactory.help in Resources */,
				404783A61936640400971CB1 /* MainMenu.xib in Resources */,
				40BBBE341913BE1800AA5BC2 /* Credits.rtf in Resources */,
			);
			runOnlyForDeploymentPostprocessing = 0;
		};
		49597ED31940FCB60078CECF /* Resources */ = {
			isa = PBXResourcesBuildPhase;
			buildActionMask = 2147483647;
			files = (
				49597EDC1940FCB70078CECF /* InfoPlist.strings in Resources */,
			);
			runOnlyForDeploymentPostprocessing = 0;
		};
/* End PBXResourcesBuildPhase section */

/* Begin PBXSourcesBuildPhase section */
		40BBBE1C1913BE1800AA5BC2 /* Sources */ = {
			isa = PBXSourcesBuildPhase;
			buildActionMask = 2147483647;
			files = (
				40A152621913E8AB0091E264 /* BBYearMatcher.m in Sources */,
				40135D6B1925349500E91FA9 /* MASShortcut.m in Sources */,
				40135D6D1925349500E91FA9 /* MASShortcut+Monitoring.m in Sources */,
				40135D731925349500E91FA9 /* MASShortcutView+UserDefaults.m in Sources */,
				40A152571913E8AB0091E264 /* BBDictionaryMatcher.m in Sources */,
				40A1525C1913E8AB0091E264 /* BBPattern.m in Sources */,
				40BBBE651913C0CF00AA5BC2 /* PasswordFactory.m in Sources */,
				40A152611913E8AB0091E264 /* BBSpatialMatcher.m in Sources */,
				40A1525F1913E8AB0091E264 /* BBRepeatMatcher.m in Sources */,
				40135D6F1925349500E91FA9 /* MASShortcut+UserDefaults.m in Sources */,
				40A152591913E8AB0091E264 /* BBEntropyCenter.m in Sources */,
				40BBBE371913BE1800AA5BC2 /* AppDelegate.m in Sources */,
				403BC3831922AFB3005C92D3 /* PreferencesWindowController.m in Sources */,
				40A1525A1913E8AB0091E264 /* BBL33tMatcher.m in Sources */,
				40135D711925349500E91FA9 /* MASShortcutView.m in Sources */,
				40A152561913E8AB0091E264 /* BBDateMatcher.m in Sources */,
				40C6872C1947B96800BFA14A /* NSWindow+canBecomeKeyWindow.m in Sources */,
				4092E6171922CC4B008072ED /* NSColor+NSColorHexadecimalValue.m in Sources */,
				40BBBE611913BF7E00AA5BC2 /* MasterViewController.m in Sources */,
				40A152581913E8AB0091E264 /* BBDigitsMatcher.m in Sources */,
				40BBBE301913BE1800AA5BC2 /* main.m in Sources */,
				40A1525B1913E8AB0091E264 /* BBPasswordStrength.m in Sources */,
				40A1525D1913E8AB0091E264 /* BBPatternCenter.m in Sources */,
				40A1525E1913E8AB0091E264 /* BBRegularExpressionMatchHelper.m in Sources */,
				40A152601913E8AB0091E264 /* BBSequenceMatcher.m in Sources */,
			);
			runOnlyForDeploymentPostprocessing = 0;
		};
		49597ED11940FCB60078CECF /* Sources */ = {
			isa = PBXSourcesBuildPhase;
			buildActionMask = 2147483647;
			files = (
				49597EE81940FCE00078CECF /* NSTimer+UnitTest.m in Sources */,
				49597EE71940FCDE0078CECF /* NSUserDefaults+UnitTest.m in Sources */,
				49597EED1940FD530078CECF /* PreferencesWindowTestClass.m in Sources */,
				49597EEE1940FD530078CECF /* MasterViewControllerTestClass.m in Sources */,
				49597EE61940FCDB0078CECF /* PreferencesWindowTests.m in Sources */,
				49597EE51940FCD70078CECF /* MasterViewControllerTests.m in Sources */,
				49597EF01940FE880078CECF /* PasswordFactoryTests.m in Sources */,
			);
			runOnlyForDeploymentPostprocessing = 0;
		};
/* End PBXSourcesBuildPhase section */

/* Begin PBXTargetDependency section */
		49597EE11940FCB80078CECF /* PBXTargetDependency */ = {
			isa = PBXTargetDependency;
			target = 40BBBE1F1913BE1800AA5BC2 /* Password Factory */;
			targetProxy = 49597EE01940FCB80078CECF /* PBXContainerItemProxy */;
		};
/* End PBXTargetDependency section */

/* Begin PBXVariantGroup section */
		40BBBE2C1913BE1800AA5BC2 /* InfoPlist.strings */ = {
			isa = PBXVariantGroup;
			children = (
				40BBBE2D1913BE1800AA5BC2 /* en */,
			);
			name = InfoPlist.strings;
			sourceTree = "<group>";
		};
		40BBBE321913BE1800AA5BC2 /* Credits.rtf */ = {
			isa = PBXVariantGroup;
			children = (
				40BBBE331913BE1800AA5BC2 /* en */,
			);
			name = Credits.rtf;
			sourceTree = "<group>";
		};
		40BBBE381913BE1800AA5BC2 /* MainMenu.xib */ = {
			isa = PBXVariantGroup;
			children = (
				40BBBE391913BE1800AA5BC2 /* Base */,
			);
			name = MainMenu.xib;
			sourceTree = "<group>";
		};
		40BBBE4A1913BE1800AA5BC2 /* InfoPlist.strings */ = {
			isa = PBXVariantGroup;
			children = (
				40BBBE4B1913BE1800AA5BC2 /* en */,
			);
			name = InfoPlist.strings;
			sourceTree = "<group>";
		};
		49597EDA1940FCB70078CECF /* InfoPlist.strings */ = {
			isa = PBXVariantGroup;
			children = (
				49597EDB1940FCB70078CECF /* en */,
			);
			name = InfoPlist.strings;
			sourceTree = "<group>";
		};
/* End PBXVariantGroup section */

/* Begin XCBuildConfiguration section */
		40BBBE4F1913BE1800AA5BC2 /* Debug */ = {
			isa = XCBuildConfiguration;
			buildSettings = {
				ALWAYS_SEARCH_USER_PATHS = NO;
				CLANG_CXX_LANGUAGE_STANDARD = "gnu++0x";
				CLANG_CXX_LIBRARY = "libc++";
				CLANG_ENABLE_MODULES = YES;
				CLANG_ENABLE_OBJC_ARC = YES;
				CLANG_WARN_BOOL_CONVERSION = YES;
				CLANG_WARN_CONSTANT_CONVERSION = YES;
				CLANG_WARN_DIRECT_OBJC_ISA_USAGE = YES_ERROR;
				CLANG_WARN_EMPTY_BODY = YES;
				CLANG_WARN_ENUM_CONVERSION = YES;
				CLANG_WARN_INT_CONVERSION = YES;
				CLANG_WARN_OBJC_ROOT_CLASS = YES_ERROR;
				CLANG_WARN__DUPLICATE_METHOD_MATCH = YES;
				COPY_PHASE_STRIP = NO;
				GCC_C_LANGUAGE_STANDARD = gnu99;
				GCC_DYNAMIC_NO_PIC = NO;
				GCC_ENABLE_OBJC_EXCEPTIONS = YES;
				GCC_OPTIMIZATION_LEVEL = 0;
				GCC_PREPROCESSOR_DEFINITIONS = (
					"DEBUG=1",
					"$(inherited)",
				);
				GCC_SYMBOLS_PRIVATE_EXTERN = NO;
				GCC_WARN_64_TO_32_BIT_CONVERSION = YES;
				GCC_WARN_ABOUT_RETURN_TYPE = YES_ERROR;
				GCC_WARN_UNDECLARED_SELECTOR = YES;
				GCC_WARN_UNINITIALIZED_AUTOS = YES_AGGRESSIVE;
				GCC_WARN_UNUSED_FUNCTION = YES;
				GCC_WARN_UNUSED_VARIABLE = YES;
				MACOSX_DEPLOYMENT_TARGET = 10.9;
				ONLY_ACTIVE_ARCH = YES;
				SDKROOT = macosx;
			};
			name = Debug;
		};
		40BBBE501913BE1800AA5BC2 /* Release */ = {
			isa = XCBuildConfiguration;
			buildSettings = {
				ALWAYS_SEARCH_USER_PATHS = NO;
				CLANG_CXX_LANGUAGE_STANDARD = "gnu++0x";
				CLANG_CXX_LIBRARY = "libc++";
				CLANG_ENABLE_MODULES = YES;
				CLANG_ENABLE_OBJC_ARC = YES;
				CLANG_WARN_BOOL_CONVERSION = YES;
				CLANG_WARN_CONSTANT_CONVERSION = YES;
				CLANG_WARN_DIRECT_OBJC_ISA_USAGE = YES_ERROR;
				CLANG_WARN_EMPTY_BODY = YES;
				CLANG_WARN_ENUM_CONVERSION = YES;
				CLANG_WARN_INT_CONVERSION = YES;
				CLANG_WARN_OBJC_ROOT_CLASS = YES_ERROR;
				CLANG_WARN__DUPLICATE_METHOD_MATCH = YES;
				COPY_PHASE_STRIP = YES;
				DEBUG_INFORMATION_FORMAT = "dwarf-with-dsym";
				ENABLE_NS_ASSERTIONS = NO;
				GCC_C_LANGUAGE_STANDARD = gnu99;
				GCC_ENABLE_OBJC_EXCEPTIONS = YES;
				GCC_WARN_64_TO_32_BIT_CONVERSION = YES;
				GCC_WARN_ABOUT_RETURN_TYPE = YES_ERROR;
				GCC_WARN_UNDECLARED_SELECTOR = YES;
				GCC_WARN_UNINITIALIZED_AUTOS = YES_AGGRESSIVE;
				GCC_WARN_UNUSED_FUNCTION = YES;
				GCC_WARN_UNUSED_VARIABLE = YES;
				MACOSX_DEPLOYMENT_TARGET = 10.9;
				SDKROOT = macosx;
			};
			name = Release;
		};
		40BBBE521913BE1800AA5BC2 /* Debug */ = {
			isa = XCBuildConfiguration;
			buildSettings = {
				ASSETCATALOG_COMPILER_APPICON_NAME = AppIcon;
				CODE_SIGN_ENTITLEMENTS = "Password Factory/Password Factory.entitlements";
				CODE_SIGN_IDENTITY = "Mac Developer: Cristiana Yambo (BRRT2D2DE7)";
				COMBINE_HIDPI_IMAGES = YES;
				FRAMEWORK_SEARCH_PATHS = (
					"$(inherited)",
					/Volumes/OCMock,
					2.2.4/OSX,
					"$(PROJECT_DIR)",
				);
				GCC_PRECOMPILE_PREFIX_HEADER = YES;
				GCC_PREFIX_HEADER = "Password Factory/Password Factory-Prefix.pch";
				INFOPLIST_FILE = "Password Factory/Password Factory-Info.plist";
				PRODUCT_NAME = "Password Factory";
				WRAPPER_EXTENSION = app;
			};
			name = Debug;
		};
		40BBBE531913BE1800AA5BC2 /* Release */ = {
			isa = XCBuildConfiguration;
			buildSettings = {
				ASSETCATALOG_COMPILER_APPICON_NAME = AppIcon;
				CODE_SIGN_ENTITLEMENTS = "Password Factory/Password Factory.entitlements";
				CODE_SIGN_IDENTITY = "Mac Developer: Cristiana Yambo (BRRT2D2DE7)";
				COMBINE_HIDPI_IMAGES = YES;
				FRAMEWORK_SEARCH_PATHS = (
					"$(inherited)",
					/Volumes/OCMock,
					2.2.4/OSX,
					"$(PROJECT_DIR)",
				);
				GCC_PRECOMPILE_PREFIX_HEADER = YES;
				GCC_PREFIX_HEADER = "Password Factory/Password Factory-Prefix.pch";
				INFOPLIST_FILE = "Password Factory/Password Factory-Info.plist";
				PRODUCT_NAME = "Password Factory";
				WRAPPER_EXTENSION = app;
			};
			name = Release;
		};
		40C6872E1947C24100BFA14A /* Test */ = {
			isa = XCBuildConfiguration;
			buildSettings = {
				ALWAYS_SEARCH_USER_PATHS = NO;
				CLANG_CXX_LANGUAGE_STANDARD = "gnu++0x";
				CLANG_CXX_LIBRARY = "libc++";
				CLANG_ENABLE_MODULES = YES;
				CLANG_ENABLE_OBJC_ARC = YES;
				CLANG_WARN_BOOL_CONVERSION = YES;
				CLANG_WARN_CONSTANT_CONVERSION = YES;
				CLANG_WARN_DIRECT_OBJC_ISA_USAGE = YES_ERROR;
				CLANG_WARN_EMPTY_BODY = YES;
				CLANG_WARN_ENUM_CONVERSION = YES;
				CLANG_WARN_INT_CONVERSION = YES;
				CLANG_WARN_OBJC_ROOT_CLASS = YES_ERROR;
				CLANG_WARN__DUPLICATE_METHOD_MATCH = YES;
				COPY_PHASE_STRIP = NO;
				GCC_C_LANGUAGE_STANDARD = gnu99;
				GCC_DYNAMIC_NO_PIC = NO;
				GCC_ENABLE_OBJC_EXCEPTIONS = YES;
				GCC_OPTIMIZATION_LEVEL = 0;
				GCC_PREPROCESSOR_DEFINITIONS = (
					"DEBUG=1",
					"$(inherited)",
				);
				GCC_SYMBOLS_PRIVATE_EXTERN = NO;
				GCC_WARN_64_TO_32_BIT_CONVERSION = YES;
				GCC_WARN_ABOUT_RETURN_TYPE = YES_ERROR;
				GCC_WARN_UNDECLARED_SELECTOR = YES;
				GCC_WARN_UNINITIALIZED_AUTOS = YES_AGGRESSIVE;
				GCC_WARN_UNUSED_FUNCTION = YES;
				GCC_WARN_UNUSED_VARIABLE = YES;
				MACOSX_DEPLOYMENT_TARGET = 10.9;
				ONLY_ACTIVE_ARCH = YES;
				SDKROOT = macosx;
			};
			name = Test;
		};
		40C6872F1947C24100BFA14A /* Test */ = {
			isa = XCBuildConfiguration;
			buildSettings = {
				ASSETCATALOG_COMPILER_APPICON_NAME = AppIcon;
				CODE_SIGN_ENTITLEMENTS = "Password Factory/Password Factory.entitlements";
				CODE_SIGN_IDENTITY = "";
				COMBINE_HIDPI_IMAGES = YES;
				FRAMEWORK_SEARCH_PATHS = (
					"$(inherited)",
					/Volumes/OCMock,
					2.2.4/OSX,
					"$(PROJECT_DIR)",
				);
				GCC_PRECOMPILE_PREFIX_HEADER = YES;
				GCC_PREFIX_HEADER = "Password Factory/Password Factory-Prefix.pch";
				INFOPLIST_FILE = "Password Factory/Password Factory-Info.plist";
				PRODUCT_NAME = "Password Factory";
				WRAPPER_EXTENSION = app;
			};
			name = Test;
		};
		40C687301947C24100BFA14A /* Test */ = {
			isa = XCBuildConfiguration;
			buildSettings = {
				BUNDLE_LOADER = "$(BUILT_PRODUCTS_DIR)/Password Factory.app/Contents/MacOS/Password Factory";
				FRAMEWORK_SEARCH_PATHS = (
					"$(DEVELOPER_FRAMEWORKS_DIR)",
					"$(inherited)",
					"$(PROJECT_DIR)",
				);
				GCC_PRECOMPILE_PREFIX_HEADER = YES;
				GCC_PREFIX_HEADER = "Password FactoryTests/Password FactoryTests-Prefix.pch";
				GCC_PREPROCESSOR_DEFINITIONS = (
					"DEBUG=1",
					"$(inherited)",
				);
				INFOPLIST_FILE = "Password FactoryTests/Password FactoryTests-Info.plist";
				PRODUCT_NAME = "$(TARGET_NAME)";
				TEST_HOST = "$(BUNDLE_LOADER)";
				WRAPPER_EXTENSION = xctest;
			};
			name = Test;
		};
		49597EE31940FCB80078CECF /* Debug */ = {
			isa = XCBuildConfiguration;
			buildSettings = {
				BUNDLE_LOADER = "$(BUILT_PRODUCTS_DIR)/Password Factory.app/Contents/MacOS/Password Factory";
				FRAMEWORK_SEARCH_PATHS = (
					"$(DEVELOPER_FRAMEWORKS_DIR)",
					"$(inherited)",
					"$(PROJECT_DIR)",
				);
				GCC_PRECOMPILE_PREFIX_HEADER = YES;
				GCC_PREFIX_HEADER = "Password FactoryTests/Password FactoryTests-Prefix.pch";
				GCC_PREPROCESSOR_DEFINITIONS = (
					"DEBUG=1",
					"$(inherited)",
				);
				INFOPLIST_FILE = "Password FactoryTests/Password FactoryTests-Info.plist";
				PRODUCT_NAME = "$(TARGET_NAME)";
				TEST_HOST = "$(BUNDLE_LOADER)";
				WRAPPER_EXTENSION = xctest;
			};
			name = Debug;
		};
		49597EE41940FCB80078CECF /* Release */ = {
			isa = XCBuildConfiguration;
			buildSettings = {
				BUNDLE_LOADER = "$(BUILT_PRODUCTS_DIR)/Password Factory.app/Contents/MacOS/Password Factory";
				FRAMEWORK_SEARCH_PATHS = (
					"$(DEVELOPER_FRAMEWORKS_DIR)",
					"$(inherited)",
					"$(PROJECT_DIR)",
				);
				GCC_PRECOMPILE_PREFIX_HEADER = YES;
				GCC_PREFIX_HEADER = "Password FactoryTests/Password FactoryTests-Prefix.pch";
				INFOPLIST_FILE = "Password FactoryTests/Password FactoryTests-Info.plist";
				PRODUCT_NAME = "$(TARGET_NAME)";
				TEST_HOST = "$(BUNDLE_LOADER)";
				WRAPPER_EXTENSION = xctest;
			};
			name = Release;
		};
/* End XCBuildConfiguration section */

/* Begin XCConfigurationList section */
		40BBBE1B1913BE1800AA5BC2 /* Build configuration list for PBXProject "Password Factory" */ = {
			isa = XCConfigurationList;
			buildConfigurations = (
				40BBBE4F1913BE1800AA5BC2 /* Debug */,
				40C6872E1947C24100BFA14A /* Test */,
				40BBBE501913BE1800AA5BC2 /* Release */,
			);
			defaultConfigurationIsVisible = 0;
			defaultConfigurationName = Release;
		};
		40BBBE511913BE1800AA5BC2 /* Build configuration list for PBXNativeTarget "Password Factory" */ = {
			isa = XCConfigurationList;
			buildConfigurations = (
				40BBBE521913BE1800AA5BC2 /* Debug */,
				40C6872F1947C24100BFA14A /* Test */,
				40BBBE531913BE1800AA5BC2 /* Release */,
			);
			defaultConfigurationIsVisible = 0;
			defaultConfigurationName = Release;
		};
		49597EE21940FCB80078CECF /* Build configuration list for PBXNativeTarget "Password FactoryTests" */ = {
			isa = XCConfigurationList;
			buildConfigurations = (
				49597EE31940FCB80078CECF /* Debug */,
				40C687301947C24100BFA14A /* Test */,
				49597EE41940FCB80078CECF /* Release */,
			);
			defaultConfigurationIsVisible = 0;
			defaultConfigurationName = Release;
		};
/* End XCConfigurationList section */
	};
	rootObject = 40BBBE181913BE1800AA5BC2 /* Project object */;
}
