// !$*UTF8*$!
{
	archiveVersion = 1;
	classes = {
	};
	objectVersion = 46;
	objects = {

/* Begin PBXBuildFile section */
		40A152541913E8AB0091E264 /* frequency_lists.json in Resources */ = {isa = PBXBuildFile; fileRef = 40A152371913E8AB0091E264 /* frequency_lists.json */; };
		40A152551913E8AB0091E264 /* adjacency_graphs.json in Resources */ = {isa = PBXBuildFile; fileRef = 40A152381913E8AB0091E264 /* adjacency_graphs.json */; };
		40A152561913E8AB0091E264 /* BBDateMatcher.m in Sources */ = {isa = PBXBuildFile; fileRef = 40A1523A1913E8AB0091E264 /* BBDateMatcher.m */; };
		40A152571913E8AB0091E264 /* BBDictionaryMatcher.m in Sources */ = {isa = PBXBuildFile; fileRef = 40A1523C1913E8AB0091E264 /* BBDictionaryMatcher.m */; };
		40A152581913E8AB0091E264 /* BBDigitsMatcher.m in Sources */ = {isa = PBXBuildFile; fileRef = 40A1523E1913E8AB0091E264 /* BBDigitsMatcher.m */; };
		40A152591913E8AB0091E264 /* BBEntropyCenter.m in Sources */ = {isa = PBXBuildFile; fileRef = 40A152401913E8AB0091E264 /* BBEntropyCenter.m */; };
		40A1525A1913E8AB0091E264 /* BBL33tMatcher.m in Sources */ = {isa = PBXBuildFile; fileRef = 40A152421913E8AB0091E264 /* BBL33tMatcher.m */; };
		40A1525B1913E8AB0091E264 /* BBPasswordStrength.m in Sources */ = {isa = PBXBuildFile; fileRef = 40A152441913E8AB0091E264 /* BBPasswordStrength.m */; };
		40A1525C1913E8AB0091E264 /* BBPattern.m in Sources */ = {isa = PBXBuildFile; fileRef = 40A152461913E8AB0091E264 /* BBPattern.m */; };
		40A1525D1913E8AB0091E264 /* BBPatternCenter.m in Sources */ = {isa = PBXBuildFile; fileRef = 40A152481913E8AB0091E264 /* BBPatternCenter.m */; };
		40A1525E1913E8AB0091E264 /* BBRegularExpressionMatchHelper.m in Sources */ = {isa = PBXBuildFile; fileRef = 40A1524B1913E8AB0091E264 /* BBRegularExpressionMatchHelper.m */; };
		40A1525F1913E8AB0091E264 /* BBRepeatMatcher.m in Sources */ = {isa = PBXBuildFile; fileRef = 40A1524D1913E8AB0091E264 /* BBRepeatMatcher.m */; };
		40A152601913E8AB0091E264 /* BBSequenceMatcher.m in Sources */ = {isa = PBXBuildFile; fileRef = 40A1524F1913E8AB0091E264 /* BBSequenceMatcher.m */; };
		40A152611913E8AB0091E264 /* BBSpatialMatcher.m in Sources */ = {isa = PBXBuildFile; fileRef = 40A152511913E8AB0091E264 /* BBSpatialMatcher.m */; };
		40A152621913E8AB0091E264 /* BBYearMatcher.m in Sources */ = {isa = PBXBuildFile; fileRef = 40A152531913E8AB0091E264 /* BBYearMatcher.m */; };
		40BBBE241913BE1800AA5BC2 /* Cocoa.framework in Frameworks */ = {isa = PBXBuildFile; fileRef = 40BBBE231913BE1800AA5BC2 /* Cocoa.framework */; };
		40BBBE2E1913BE1800AA5BC2 /* InfoPlist.strings in Resources */ = {isa = PBXBuildFile; fileRef = 40BBBE2C1913BE1800AA5BC2 /* InfoPlist.strings */; };
		40BBBE301913BE1800AA5BC2 /* main.m in Sources */ = {isa = PBXBuildFile; fileRef = 40BBBE2F1913BE1800AA5BC2 /* main.m */; };
		40BBBE341913BE1800AA5BC2 /* Credits.rtf in Resources */ = {isa = PBXBuildFile; fileRef = 40BBBE321913BE1800AA5BC2 /* Credits.rtf */; };
		40BBBE371913BE1800AA5BC2 /* AppDelegate.m in Sources */ = {isa = PBXBuildFile; fileRef = 40BBBE361913BE1800AA5BC2 /* AppDelegate.m */; };
		40BBBE3A1913BE1800AA5BC2 /* MainMenu.xib in Resources */ = {isa = PBXBuildFile; fileRef = 40BBBE381913BE1800AA5BC2 /* MainMenu.xib */; };
		40BBBE3C1913BE1800AA5BC2 /* Images.xcassets in Resources */ = {isa = PBXBuildFile; fileRef = 40BBBE3B1913BE1800AA5BC2 /* Images.xcassets */; };
		40BBBE431913BE1800AA5BC2 /* XCTest.framework in Frameworks */ = {isa = PBXBuildFile; fileRef = 40BBBE421913BE1800AA5BC2 /* XCTest.framework */; };
		40BBBE441913BE1800AA5BC2 /* Cocoa.framework in Frameworks */ = {isa = PBXBuildFile; fileRef = 40BBBE231913BE1800AA5BC2 /* Cocoa.framework */; };
		40BBBE4C1913BE1800AA5BC2 /* InfoPlist.strings in Resources */ = {isa = PBXBuildFile; fileRef = 40BBBE4A1913BE1800AA5BC2 /* InfoPlist.strings */; };
		40BBBE4E1913BE1800AA5BC2 /* Passsword_GeneratorTests.m in Sources */ = {isa = PBXBuildFile; fileRef = 40BBBE4D1913BE1800AA5BC2 /* Passsword_GeneratorTests.m */; };
		40BBBE611913BF7E00AA5BC2 /* MasterViewController.m in Sources */ = {isa = PBXBuildFile; fileRef = 40BBBE5F1913BF7E00AA5BC2 /* MasterViewController.m */; };
		40BBBE621913BF7E00AA5BC2 /* MasterViewController.xib in Resources */ = {isa = PBXBuildFile; fileRef = 40BBBE601913BF7E00AA5BC2 /* MasterViewController.xib */; };
		40BBBE651913C0CF00AA5BC2 /* PasswordGenerator.m in Sources */ = {isa = PBXBuildFile; fileRef = 40BBBE641913C0CF00AA5BC2 /* PasswordGenerator.m */; };
		49F27CE01917EB47008DD7C6 /* MasterViewControllerTests.m in Sources */ = {isa = PBXBuildFile; fileRef = 49F27CDF1917EB47008DD7C6 /* MasterViewControllerTests.m */; };
/* End PBXBuildFile section */

/* Begin PBXContainerItemProxy section */
		40BBBE451913BE1800AA5BC2 /* PBXContainerItemProxy */ = {
			isa = PBXContainerItemProxy;
			containerPortal = 40BBBE181913BE1800AA5BC2 /* Project object */;
			proxyType = 1;
			remoteGlobalIDString = 40BBBE1F1913BE1800AA5BC2;
			remoteInfo = "Passsword Generator";
		};
/* End PBXContainerItemProxy section */

/* Begin PBXFileReference section */
		40A152371913E8AB0091E264 /* frequency_lists.json */ = {isa = PBXFileReference; fileEncoding = 4; lastKnownFileType = text.json; name = frequency_lists.json; path = ../ZXCVBN/ZXCVBN/frequency_lists.json; sourceTree = "<group>"; };
		40A152381913E8AB0091E264 /* adjacency_graphs.json */ = {isa = PBXFileReference; fileEncoding = 4; lastKnownFileType = text.json; name = adjacency_graphs.json; path = ../ZXCVBN/ZXCVBN/adjacency_graphs.json; sourceTree = "<group>"; };
		40A152391913E8AB0091E264 /* BBDateMatcher.h */ = {isa = PBXFileReference; fileEncoding = 4; lastKnownFileType = sourcecode.c.h; name = BBDateMatcher.h; path = ../ZXCVBN/ZXCVBN/BBDateMatcher.h; sourceTree = "<group>"; };
		40A1523A1913E8AB0091E264 /* BBDateMatcher.m */ = {isa = PBXFileReference; fileEncoding = 4; lastKnownFileType = sourcecode.c.objc; name = BBDateMatcher.m; path = ../ZXCVBN/ZXCVBN/BBDateMatcher.m; sourceTree = "<group>"; };
		40A1523B1913E8AB0091E264 /* BBDictionaryMatcher.h */ = {isa = PBXFileReference; fileEncoding = 4; lastKnownFileType = sourcecode.c.h; name = BBDictionaryMatcher.h; path = ../ZXCVBN/ZXCVBN/BBDictionaryMatcher.h; sourceTree = "<group>"; };
		40A1523C1913E8AB0091E264 /* BBDictionaryMatcher.m */ = {isa = PBXFileReference; fileEncoding = 4; lastKnownFileType = sourcecode.c.objc; name = BBDictionaryMatcher.m; path = ../ZXCVBN/ZXCVBN/BBDictionaryMatcher.m; sourceTree = "<group>"; };
		40A1523D1913E8AB0091E264 /* BBDigitsMatcher.h */ = {isa = PBXFileReference; fileEncoding = 4; lastKnownFileType = sourcecode.c.h; name = BBDigitsMatcher.h; path = ../ZXCVBN/ZXCVBN/BBDigitsMatcher.h; sourceTree = "<group>"; };
		40A1523E1913E8AB0091E264 /* BBDigitsMatcher.m */ = {isa = PBXFileReference; fileEncoding = 4; lastKnownFileType = sourcecode.c.objc; name = BBDigitsMatcher.m; path = ../ZXCVBN/ZXCVBN/BBDigitsMatcher.m; sourceTree = "<group>"; };
		40A1523F1913E8AB0091E264 /* BBEntropyCenter.h */ = {isa = PBXFileReference; fileEncoding = 4; lastKnownFileType = sourcecode.c.h; name = BBEntropyCenter.h; path = ../ZXCVBN/ZXCVBN/BBEntropyCenter.h; sourceTree = "<group>"; };
		40A152401913E8AB0091E264 /* BBEntropyCenter.m */ = {isa = PBXFileReference; fileEncoding = 4; lastKnownFileType = sourcecode.c.objc; name = BBEntropyCenter.m; path = ../ZXCVBN/ZXCVBN/BBEntropyCenter.m; sourceTree = "<group>"; };
		40A152411913E8AB0091E264 /* BBL33tMatcher.h */ = {isa = PBXFileReference; fileEncoding = 4; lastKnownFileType = sourcecode.c.h; name = BBL33tMatcher.h; path = ../ZXCVBN/ZXCVBN/BBL33tMatcher.h; sourceTree = "<group>"; };
		40A152421913E8AB0091E264 /* BBL33tMatcher.m */ = {isa = PBXFileReference; fileEncoding = 4; lastKnownFileType = sourcecode.c.objc; name = BBL33tMatcher.m; path = ../ZXCVBN/ZXCVBN/BBL33tMatcher.m; sourceTree = "<group>"; };
		40A152431913E8AB0091E264 /* BBPasswordStrength.h */ = {isa = PBXFileReference; fileEncoding = 4; lastKnownFileType = sourcecode.c.h; name = BBPasswordStrength.h; path = ../ZXCVBN/ZXCVBN/BBPasswordStrength.h; sourceTree = "<group>"; };
		40A152441913E8AB0091E264 /* BBPasswordStrength.m */ = {isa = PBXFileReference; fileEncoding = 4; lastKnownFileType = sourcecode.c.objc; name = BBPasswordStrength.m; path = ../ZXCVBN/ZXCVBN/BBPasswordStrength.m; sourceTree = "<group>"; };
		40A152451913E8AB0091E264 /* BBPattern.h */ = {isa = PBXFileReference; fileEncoding = 4; lastKnownFileType = sourcecode.c.h; name = BBPattern.h; path = ../ZXCVBN/ZXCVBN/BBPattern.h; sourceTree = "<group>"; };
		40A152461913E8AB0091E264 /* BBPattern.m */ = {isa = PBXFileReference; fileEncoding = 4; lastKnownFileType = sourcecode.c.objc; name = BBPattern.m; path = ../ZXCVBN/ZXCVBN/BBPattern.m; sourceTree = "<group>"; };
		40A152471913E8AB0091E264 /* BBPatternCenter.h */ = {isa = PBXFileReference; fileEncoding = 4; lastKnownFileType = sourcecode.c.h; name = BBPatternCenter.h; path = ../ZXCVBN/ZXCVBN/BBPatternCenter.h; sourceTree = "<group>"; };
		40A152481913E8AB0091E264 /* BBPatternCenter.m */ = {isa = PBXFileReference; fileEncoding = 4; lastKnownFileType = sourcecode.c.objc; name = BBPatternCenter.m; path = ../ZXCVBN/ZXCVBN/BBPatternCenter.m; sourceTree = "<group>"; };
		40A152491913E8AB0091E264 /* BBPatternMatcher.h */ = {isa = PBXFileReference; fileEncoding = 4; lastKnownFileType = sourcecode.c.h; name = BBPatternMatcher.h; path = ../ZXCVBN/ZXCVBN/BBPatternMatcher.h; sourceTree = "<group>"; };
		40A1524A1913E8AB0091E264 /* BBRegularExpressionMatchHelper.h */ = {isa = PBXFileReference; fileEncoding = 4; lastKnownFileType = sourcecode.c.h; name = BBRegularExpressionMatchHelper.h; path = ../ZXCVBN/ZXCVBN/BBRegularExpressionMatchHelper.h; sourceTree = "<group>"; };
		40A1524B1913E8AB0091E264 /* BBRegularExpressionMatchHelper.m */ = {isa = PBXFileReference; fileEncoding = 4; lastKnownFileType = sourcecode.c.objc; name = BBRegularExpressionMatchHelper.m; path = ../ZXCVBN/ZXCVBN/BBRegularExpressionMatchHelper.m; sourceTree = "<group>"; };
		40A1524C1913E8AB0091E264 /* BBRepeatMatcher.h */ = {isa = PBXFileReference; fileEncoding = 4; lastKnownFileType = sourcecode.c.h; name = BBRepeatMatcher.h; path = ../ZXCVBN/ZXCVBN/BBRepeatMatcher.h; sourceTree = "<group>"; };
		40A1524D1913E8AB0091E264 /* BBRepeatMatcher.m */ = {isa = PBXFileReference; fileEncoding = 4; lastKnownFileType = sourcecode.c.objc; name = BBRepeatMatcher.m; path = ../ZXCVBN/ZXCVBN/BBRepeatMatcher.m; sourceTree = "<group>"; };
		40A1524E1913E8AB0091E264 /* BBSequenceMatcher.h */ = {isa = PBXFileReference; fileEncoding = 4; lastKnownFileType = sourcecode.c.h; name = BBSequenceMatcher.h; path = ../ZXCVBN/ZXCVBN/BBSequenceMatcher.h; sourceTree = "<group>"; };
		40A1524F1913E8AB0091E264 /* BBSequenceMatcher.m */ = {isa = PBXFileReference; fileEncoding = 4; lastKnownFileType = sourcecode.c.objc; name = BBSequenceMatcher.m; path = ../ZXCVBN/ZXCVBN/BBSequenceMatcher.m; sourceTree = "<group>"; };
		40A152501913E8AB0091E264 /* BBSpatialMatcher.h */ = {isa = PBXFileReference; fileEncoding = 4; lastKnownFileType = sourcecode.c.h; name = BBSpatialMatcher.h; path = ../ZXCVBN/ZXCVBN/BBSpatialMatcher.h; sourceTree = "<group>"; };
		40A152511913E8AB0091E264 /* BBSpatialMatcher.m */ = {isa = PBXFileReference; fileEncoding = 4; lastKnownFileType = sourcecode.c.objc; name = BBSpatialMatcher.m; path = ../ZXCVBN/ZXCVBN/BBSpatialMatcher.m; sourceTree = "<group>"; };
		40A152521913E8AB0091E264 /* BBYearMatcher.h */ = {isa = PBXFileReference; fileEncoding = 4; lastKnownFileType = sourcecode.c.h; name = BBYearMatcher.h; path = ../ZXCVBN/ZXCVBN/BBYearMatcher.h; sourceTree = "<group>"; };
		40A152531913E8AB0091E264 /* BBYearMatcher.m */ = {isa = PBXFileReference; fileEncoding = 4; lastKnownFileType = sourcecode.c.objc; name = BBYearMatcher.m; path = ../ZXCVBN/ZXCVBN/BBYearMatcher.m; sourceTree = "<group>"; };
		40BBBE201913BE1800AA5BC2 /* Passsword Generator.app */ = {isa = PBXFileReference; explicitFileType = wrapper.application; includeInIndex = 0; path = "Passsword Generator.app"; sourceTree = BUILT_PRODUCTS_DIR; };
		40BBBE231913BE1800AA5BC2 /* Cocoa.framework */ = {isa = PBXFileReference; lastKnownFileType = wrapper.framework; name = Cocoa.framework; path = System/Library/Frameworks/Cocoa.framework; sourceTree = SDKROOT; };
		40BBBE261913BE1800AA5BC2 /* AppKit.framework */ = {isa = PBXFileReference; lastKnownFileType = wrapper.framework; name = AppKit.framework; path = System/Library/Frameworks/AppKit.framework; sourceTree = SDKROOT; };
		40BBBE271913BE1800AA5BC2 /* CoreData.framework */ = {isa = PBXFileReference; lastKnownFileType = wrapper.framework; name = CoreData.framework; path = System/Library/Frameworks/CoreData.framework; sourceTree = SDKROOT; };
		40BBBE281913BE1800AA5BC2 /* Foundation.framework */ = {isa = PBXFileReference; lastKnownFileType = wrapper.framework; name = Foundation.framework; path = System/Library/Frameworks/Foundation.framework; sourceTree = SDKROOT; };
		40BBBE2B1913BE1800AA5BC2 /* Passsword Generator-Info.plist */ = {isa = PBXFileReference; lastKnownFileType = text.plist.xml; path = "Passsword Generator-Info.plist"; sourceTree = "<group>"; };
		40BBBE2D1913BE1800AA5BC2 /* en */ = {isa = PBXFileReference; lastKnownFileType = text.plist.strings; name = en; path = en.lproj/InfoPlist.strings; sourceTree = "<group>"; };
		40BBBE2F1913BE1800AA5BC2 /* main.m */ = {isa = PBXFileReference; lastKnownFileType = sourcecode.c.objc; path = main.m; sourceTree = "<group>"; };
		40BBBE311913BE1800AA5BC2 /* Passsword Generator-Prefix.pch */ = {isa = PBXFileReference; lastKnownFileType = sourcecode.c.h; path = "Passsword Generator-Prefix.pch"; sourceTree = "<group>"; };
		40BBBE331913BE1800AA5BC2 /* en */ = {isa = PBXFileReference; lastKnownFileType = text.rtf; name = en; path = en.lproj/Credits.rtf; sourceTree = "<group>"; };
		40BBBE351913BE1800AA5BC2 /* AppDelegate.h */ = {isa = PBXFileReference; lastKnownFileType = sourcecode.c.h; path = AppDelegate.h; sourceTree = "<group>"; };
		40BBBE361913BE1800AA5BC2 /* AppDelegate.m */ = {isa = PBXFileReference; lastKnownFileType = sourcecode.c.objc; path = AppDelegate.m; sourceTree = "<group>"; };
		40BBBE391913BE1800AA5BC2 /* Base */ = {isa = PBXFileReference; lastKnownFileType = file.xib; name = Base; path = Base.lproj/MainMenu.xib; sourceTree = "<group>"; };
		40BBBE3B1913BE1800AA5BC2 /* Images.xcassets */ = {isa = PBXFileReference; lastKnownFileType = folder.assetcatalog; path = Images.xcassets; sourceTree = "<group>"; };
		40BBBE411913BE1800AA5BC2 /* Passsword GeneratorTests.xctest */ = {isa = PBXFileReference; explicitFileType = wrapper.cfbundle; includeInIndex = 0; path = "Passsword GeneratorTests.xctest"; sourceTree = BUILT_PRODUCTS_DIR; };
		40BBBE421913BE1800AA5BC2 /* XCTest.framework */ = {isa = PBXFileReference; lastKnownFileType = wrapper.framework; name = XCTest.framework; path = Library/Frameworks/XCTest.framework; sourceTree = DEVELOPER_DIR; };
		40BBBE491913BE1800AA5BC2 /* Passsword GeneratorTests-Info.plist */ = {isa = PBXFileReference; lastKnownFileType = text.plist.xml; path = "Passsword GeneratorTests-Info.plist"; sourceTree = "<group>"; };
		40BBBE4B1913BE1800AA5BC2 /* en */ = {isa = PBXFileReference; lastKnownFileType = text.plist.strings; name = en; path = en.lproj/InfoPlist.strings; sourceTree = "<group>"; };
		40BBBE4D1913BE1800AA5BC2 /* Passsword_GeneratorTests.m */ = {isa = PBXFileReference; lastKnownFileType = sourcecode.c.objc; path = Passsword_GeneratorTests.m; sourceTree = "<group>"; };
		40BBBE5E1913BF7E00AA5BC2 /* MasterViewController.h */ = {isa = PBXFileReference; fileEncoding = 4; lastKnownFileType = sourcecode.c.h; name = MasterViewController.h; path = ../MasterViewController.h; sourceTree = "<group>"; };
		40BBBE5F1913BF7E00AA5BC2 /* MasterViewController.m */ = {isa = PBXFileReference; fileEncoding = 4; lastKnownFileType = sourcecode.c.objc; name = MasterViewController.m; path = ../MasterViewController.m; sourceTree = "<group>"; };
		40BBBE601913BF7E00AA5BC2 /* MasterViewController.xib */ = {isa = PBXFileReference; fileEncoding = 4; lastKnownFileType = file.xib; name = MasterViewController.xib; path = ../MasterViewController.xib; sourceTree = "<group>"; };
		40BBBE631913C0CF00AA5BC2 /* PasswordGenerator.h */ = {isa = PBXFileReference; fileEncoding = 4; lastKnownFileType = sourcecode.c.h; path = PasswordGenerator.h; sourceTree = "<group>"; };
		40BBBE641913C0CF00AA5BC2 /* PasswordGenerator.m */ = {isa = PBXFileReference; fileEncoding = 4; lastKnownFileType = sourcecode.c.objc; path = PasswordGenerator.m; sourceTree = "<group>"; };
		49F27CDF1917EB47008DD7C6 /* MasterViewControllerTests.m */ = {isa = PBXFileReference; fileEncoding = 4; lastKnownFileType = sourcecode.c.objc; name = MasterViewControllerTests.m; path = "../Passsword Generator/MasterViewControllerTests.m"; sourceTree = "<group>"; };
/* End PBXFileReference section */

/* Begin PBXFrameworksBuildPhase section */
		40BBBE1D1913BE1800AA5BC2 /* Frameworks */ = {
			isa = PBXFrameworksBuildPhase;
			buildActionMask = 2147483647;
			files = (
				40BBBE241913BE1800AA5BC2 /* Cocoa.framework in Frameworks */,
			);
			runOnlyForDeploymentPostprocessing = 0;
		};
		40BBBE3E1913BE1800AA5BC2 /* Frameworks */ = {
			isa = PBXFrameworksBuildPhase;
			buildActionMask = 2147483647;
			files = (
				40BBBE441913BE1800AA5BC2 /* Cocoa.framework in Frameworks */,
				40BBBE431913BE1800AA5BC2 /* XCTest.framework in Frameworks */,
			);
			runOnlyForDeploymentPostprocessing = 0;
		};
/* End PBXFrameworksBuildPhase section */

/* Begin PBXGroup section */
		40A152361913E8850091E264 /* ZXCVBN */ = {
			isa = PBXGroup;
			children = (
				40A152371913E8AB0091E264 /* frequency_lists.json */,
				40A152381913E8AB0091E264 /* adjacency_graphs.json */,
				40A152391913E8AB0091E264 /* BBDateMatcher.h */,
				40A1523A1913E8AB0091E264 /* BBDateMatcher.m */,
				40A1523B1913E8AB0091E264 /* BBDictionaryMatcher.h */,
				40A1523C1913E8AB0091E264 /* BBDictionaryMatcher.m */,
				40A1523D1913E8AB0091E264 /* BBDigitsMatcher.h */,
				40A1523E1913E8AB0091E264 /* BBDigitsMatcher.m */,
				40A1523F1913E8AB0091E264 /* BBEntropyCenter.h */,
				40A152401913E8AB0091E264 /* BBEntropyCenter.m */,
				40A152411913E8AB0091E264 /* BBL33tMatcher.h */,
				40A152421913E8AB0091E264 /* BBL33tMatcher.m */,
				40A152431913E8AB0091E264 /* BBPasswordStrength.h */,
				40A152441913E8AB0091E264 /* BBPasswordStrength.m */,
				40A152451913E8AB0091E264 /* BBPattern.h */,
				40A152461913E8AB0091E264 /* BBPattern.m */,
				40A152471913E8AB0091E264 /* BBPatternCenter.h */,
				40A152481913E8AB0091E264 /* BBPatternCenter.m */,
				40A152491913E8AB0091E264 /* BBPatternMatcher.h */,
				40A1524A1913E8AB0091E264 /* BBRegularExpressionMatchHelper.h */,
				40A1524B1913E8AB0091E264 /* BBRegularExpressionMatchHelper.m */,
				40A1524C1913E8AB0091E264 /* BBRepeatMatcher.h */,
				40A1524D1913E8AB0091E264 /* BBRepeatMatcher.m */,
				40A1524E1913E8AB0091E264 /* BBSequenceMatcher.h */,
				40A1524F1913E8AB0091E264 /* BBSequenceMatcher.m */,
				40A152501913E8AB0091E264 /* BBSpatialMatcher.h */,
				40A152511913E8AB0091E264 /* BBSpatialMatcher.m */,
				40A152521913E8AB0091E264 /* BBYearMatcher.h */,
				40A152531913E8AB0091E264 /* BBYearMatcher.m */,
			);
			name = ZXCVBN;
			sourceTree = "<group>";
		};
		40BBBE171913BE1800AA5BC2 = {
			isa = PBXGroup;
			children = (
				40A152361913E8850091E264 /* ZXCVBN */,
				40BBBE291913BE1800AA5BC2 /* Passsword Generator */,
				40BBBE471913BE1800AA5BC2 /* Passsword GeneratorTests */,
				40BBBE221913BE1800AA5BC2 /* Frameworks */,
				40BBBE211913BE1800AA5BC2 /* Products */,
			);
			sourceTree = "<group>";
		};
		40BBBE211913BE1800AA5BC2 /* Products */ = {
			isa = PBXGroup;
			children = (
				40BBBE201913BE1800AA5BC2 /* Passsword Generator.app */,
				40BBBE411913BE1800AA5BC2 /* Passsword GeneratorTests.xctest */,
			);
			name = Products;
			sourceTree = "<group>";
		};
		40BBBE221913BE1800AA5BC2 /* Frameworks */ = {
			isa = PBXGroup;
			children = (
				40BBBE231913BE1800AA5BC2 /* Cocoa.framework */,
				40BBBE421913BE1800AA5BC2 /* XCTest.framework */,
				40BBBE251913BE1800AA5BC2 /* Other Frameworks */,
			);
			name = Frameworks;
			sourceTree = "<group>";
		};
		40BBBE251913BE1800AA5BC2 /* Other Frameworks */ = {
			isa = PBXGroup;
			children = (
				40BBBE261913BE1800AA5BC2 /* AppKit.framework */,
				40BBBE271913BE1800AA5BC2 /* CoreData.framework */,
				40BBBE281913BE1800AA5BC2 /* Foundation.framework */,
			);
			name = "Other Frameworks";
			sourceTree = "<group>";
		};
		40BBBE291913BE1800AA5BC2 /* Passsword Generator */ = {
			isa = PBXGroup;
			children = (
				40BBBE661913C0E400AA5BC2 /* Model */,
				40BBBE671913C0F800AA5BC2 /* GUI */,
				40BBBE3B1913BE1800AA5BC2 /* Images.xcassets */,
				40BBBE2A1913BE1800AA5BC2 /* Supporting Files */,
			);
			path = "Passsword Generator";
			sourceTree = "<group>";
		};
		40BBBE2A1913BE1800AA5BC2 /* Supporting Files */ = {
			isa = PBXGroup;
			children = (
				40BBBE2B1913BE1800AA5BC2 /* Passsword Generator-Info.plist */,
				40BBBE2C1913BE1800AA5BC2 /* InfoPlist.strings */,
				40BBBE2F1913BE1800AA5BC2 /* main.m */,
				40BBBE311913BE1800AA5BC2 /* Passsword Generator-Prefix.pch */,
				40BBBE321913BE1800AA5BC2 /* Credits.rtf */,
			);
			name = "Supporting Files";
			sourceTree = "<group>";
		};
		40BBBE471913BE1800AA5BC2 /* Passsword GeneratorTests */ = {
			isa = PBXGroup;
			children = (
				40BBBE4D1913BE1800AA5BC2 /* Passsword_GeneratorTests.m */,
				49F27CDF1917EB47008DD7C6 /* MasterViewControllerTests.m */,
				40BBBE481913BE1800AA5BC2 /* Supporting Files */,
			);
			path = "Passsword GeneratorTests";
			sourceTree = "<group>";
		};
		40BBBE481913BE1800AA5BC2 /* Supporting Files */ = {
			isa = PBXGroup;
			children = (
				40BBBE491913BE1800AA5BC2 /* Passsword GeneratorTests-Info.plist */,
				40BBBE4A1913BE1800AA5BC2 /* InfoPlist.strings */,
			);
			name = "Supporting Files";
			sourceTree = "<group>";
		};
		40BBBE661913C0E400AA5BC2 /* Model */ = {
			isa = PBXGroup;
			children = (
				40BBBE631913C0CF00AA5BC2 /* PasswordGenerator.h */,
				40BBBE641913C0CF00AA5BC2 /* PasswordGenerator.m */,
			);
			name = Model;
			sourceTree = "<group>";
		};
		40BBBE671913C0F800AA5BC2 /* GUI */ = {
			isa = PBXGroup;
			children = (
				40BBBE5E1913BF7E00AA5BC2 /* MasterViewController.h */,
				40BBBE5F1913BF7E00AA5BC2 /* MasterViewController.m */,
				40BBBE601913BF7E00AA5BC2 /* MasterViewController.xib */,
				40BBBE351913BE1800AA5BC2 /* AppDelegate.h */,
				40BBBE361913BE1800AA5BC2 /* AppDelegate.m */,
				40BBBE381913BE1800AA5BC2 /* MainMenu.xib */,
			);
			name = GUI;
			sourceTree = "<group>";
		};
/* End PBXGroup section */

/* Begin PBXNativeTarget section */
		40BBBE1F1913BE1800AA5BC2 /* Passsword Generator */ = {
			isa = PBXNativeTarget;
			buildConfigurationList = 40BBBE511913BE1800AA5BC2 /* Build configuration list for PBXNativeTarget "Passsword Generator" */;
			buildPhases = (
				40BBBE1C1913BE1800AA5BC2 /* Sources */,
				40BBBE1D1913BE1800AA5BC2 /* Frameworks */,
				40BBBE1E1913BE1800AA5BC2 /* Resources */,
			);
			buildRules = (
			);
			dependencies = (
			);
			name = "Passsword Generator";
			productName = "Passsword Generator";
			productReference = 40BBBE201913BE1800AA5BC2 /* Passsword Generator.app */;
			productType = "com.apple.product-type.application";
		};
		40BBBE401913BE1800AA5BC2 /* Passsword GeneratorTests */ = {
			isa = PBXNativeTarget;
			buildConfigurationList = 40BBBE541913BE1800AA5BC2 /* Build configuration list for PBXNativeTarget "Passsword GeneratorTests" */;
			buildPhases = (
				40BBBE3D1913BE1800AA5BC2 /* Sources */,
				40BBBE3E1913BE1800AA5BC2 /* Frameworks */,
				40BBBE3F1913BE1800AA5BC2 /* Resources */,
			);
			buildRules = (
			);
			dependencies = (
				40BBBE461913BE1800AA5BC2 /* PBXTargetDependency */,
			);
			name = "Passsword GeneratorTests";
			productName = "Passsword GeneratorTests";
			productReference = 40BBBE411913BE1800AA5BC2 /* Passsword GeneratorTests.xctest */;
			productType = "com.apple.product-type.bundle.unit-test";
		};
/* End PBXNativeTarget section */

/* Begin PBXProject section */
		40BBBE181913BE1800AA5BC2 /* Project object */ = {
			isa = PBXProject;
			attributes = {
				LastUpgradeCheck = 0510;
				ORGANIZATIONNAME = c13;
				TargetAttributes = {
					40BBBE401913BE1800AA5BC2 = {
						TestTargetID = 40BBBE1F1913BE1800AA5BC2;
					};
				};
			};
			buildConfigurationList = 40BBBE1B1913BE1800AA5BC2 /* Build configuration list for PBXProject "Passsword Generator" */;
			compatibilityVersion = "Xcode 3.2";
			developmentRegion = English;
			hasScannedForEncodings = 0;
			knownRegions = (
				en,
				Base,
			);
			mainGroup = 40BBBE171913BE1800AA5BC2;
			productRefGroup = 40BBBE211913BE1800AA5BC2 /* Products */;
			projectDirPath = "";
			projectRoot = "";
			targets = (
				40BBBE1F1913BE1800AA5BC2 /* Passsword Generator */,
				40BBBE401913BE1800AA5BC2 /* Passsword GeneratorTests */,
			);
		};
/* End PBXProject section */

/* Begin PBXResourcesBuildPhase section */
		40BBBE1E1913BE1800AA5BC2 /* Resources */ = {
			isa = PBXResourcesBuildPhase;
			buildActionMask = 2147483647;
			files = (
				40BBBE621913BF7E00AA5BC2 /* MasterViewController.xib in Resources */,
				40BBBE2E1913BE1800AA5BC2 /* InfoPlist.strings in Resources */,
				40A152541913E8AB0091E264 /* frequency_lists.json in Resources */,
				40A152551913E8AB0091E264 /* adjacency_graphs.json in Resources */,
				40BBBE3C1913BE1800AA5BC2 /* Images.xcassets in Resources */,
				40BBBE341913BE1800AA5BC2 /* Credits.rtf in Resources */,
				40BBBE3A1913BE1800AA5BC2 /* MainMenu.xib in Resources */,
			);
			runOnlyForDeploymentPostprocessing = 0;
		};
		40BBBE3F1913BE1800AA5BC2 /* Resources */ = {
			isa = PBXResourcesBuildPhase;
			buildActionMask = 2147483647;
			files = (
				40BBBE4C1913BE1800AA5BC2 /* InfoPlist.strings in Resources */,
			);
			runOnlyForDeploymentPostprocessing = 0;
		};
/* End PBXResourcesBuildPhase section */

/* Begin PBXSourcesBuildPhase section */
		40BBBE1C1913BE1800AA5BC2 /* Sources */ = {
			isa = PBXSourcesBuildPhase;
			buildActionMask = 2147483647;
			files = (
				40A152621913E8AB0091E264 /* BBYearMatcher.m in Sources */,
				40A152571913E8AB0091E264 /* BBDictionaryMatcher.m in Sources */,
				40A1525C1913E8AB0091E264 /* BBPattern.m in Sources */,
				40BBBE651913C0CF00AA5BC2 /* PasswordGenerator.m in Sources */,
				40A152611913E8AB0091E264 /* BBSpatialMatcher.m in Sources */,
				40A1525F1913E8AB0091E264 /* BBRepeatMatcher.m in Sources */,
				40A152591913E8AB0091E264 /* BBEntropyCenter.m in Sources */,
				40BBBE371913BE1800AA5BC2 /* AppDelegate.m in Sources */,
				40A1525A1913E8AB0091E264 /* BBL33tMatcher.m in Sources */,
				40A152561913E8AB0091E264 /* BBDateMatcher.m in Sources */,
				40BBBE611913BF7E00AA5BC2 /* MasterViewController.m in Sources */,
				40A152581913E8AB0091E264 /* BBDigitsMatcher.m in Sources */,
				40BBBE301913BE1800AA5BC2 /* main.m in Sources */,
				40A1525B1913E8AB0091E264 /* BBPasswordStrength.m in Sources */,
				40A1525D1913E8AB0091E264 /* BBPatternCenter.m in Sources */,
				40A1525E1913E8AB0091E264 /* BBRegularExpressionMatchHelper.m in Sources */,
				40A152601913E8AB0091E264 /* BBSequenceMatcher.m in Sources */,
			);
			runOnlyForDeploymentPostprocessing = 0;
		};
		40BBBE3D1913BE1800AA5BC2 /* Sources */ = {
			isa = PBXSourcesBuildPhase;
			buildActionMask = 2147483647;
			files = (
				49F27CE01917EB47008DD7C6 /* MasterViewControllerTests.m in Sources */,
				40BBBE4E1913BE1800AA5BC2 /* Passsword_GeneratorTests.m in Sources */,
			);
			runOnlyForDeploymentPostprocessing = 0;
		};
/* End PBXSourcesBuildPhase section */

/* Begin PBXTargetDependency section */
		40BBBE461913BE1800AA5BC2 /* PBXTargetDependency */ = {
			isa = PBXTargetDependency;
			target = 40BBBE1F1913BE1800AA5BC2 /* Passsword Generator */;
			targetProxy = 40BBBE451913BE1800AA5BC2 /* PBXContainerItemProxy */;
		};
/* End PBXTargetDependency section */

/* Begin PBXVariantGroup section */
		40BBBE2C1913BE1800AA5BC2 /* InfoPlist.strings */ = {
			isa = PBXVariantGroup;
			children = (
				40BBBE2D1913BE1800AA5BC2 /* en */,
			);
			name = InfoPlist.strings;
			sourceTree = "<group>";
		};
		40BBBE321913BE1800AA5BC2 /* Credits.rtf */ = {
			isa = PBXVariantGroup;
			children = (
				40BBBE331913BE1800AA5BC2 /* en */,
			);
			name = Credits.rtf;
			sourceTree = "<group>";
		};
		40BBBE381913BE1800AA5BC2 /* MainMenu.xib */ = {
			isa = PBXVariantGroup;
			children = (
				40BBBE391913BE1800AA5BC2 /* Base */,
			);
			name = MainMenu.xib;
			sourceTree = "<group>";
		};
		40BBBE4A1913BE1800AA5BC2 /* InfoPlist.strings */ = {
			isa = PBXVariantGroup;
			children = (
				40BBBE4B1913BE1800AA5BC2 /* en */,
			);
			name = InfoPlist.strings;
			sourceTree = "<group>";
		};
/* End PBXVariantGroup section */

/* Begin XCBuildConfiguration section */
		40BBBE4F1913BE1800AA5BC2 /* Debug */ = {
			isa = XCBuildConfiguration;
			buildSettings = {
				ALWAYS_SEARCH_USER_PATHS = NO;
				CLANG_CXX_LANGUAGE_STANDARD = "gnu++0x";
				CLANG_CXX_LIBRARY = "libc++";
				CLANG_ENABLE_MODULES = YES;
				CLANG_ENABLE_OBJC_ARC = YES;
				CLANG_WARN_BOOL_CONVERSION = YES;
				CLANG_WARN_CONSTANT_CONVERSION = YES;
				CLANG_WARN_DIRECT_OBJC_ISA_USAGE = YES_ERROR;
				CLANG_WARN_EMPTY_BODY = YES;
				CLANG_WARN_ENUM_CONVERSION = YES;
				CLANG_WARN_INT_CONVERSION = YES;
				CLANG_WARN_OBJC_ROOT_CLASS = YES_ERROR;
				CLANG_WARN__DUPLICATE_METHOD_MATCH = YES;
				COPY_PHASE_STRIP = NO;
				GCC_C_LANGUAGE_STANDARD = gnu99;
				GCC_DYNAMIC_NO_PIC = NO;
				GCC_ENABLE_OBJC_EXCEPTIONS = YES;
				GCC_OPTIMIZATION_LEVEL = 0;
				GCC_PREPROCESSOR_DEFINITIONS = (
					"DEBUG=1",
					"$(inherited)",
				);
				GCC_SYMBOLS_PRIVATE_EXTERN = NO;
				GCC_WARN_64_TO_32_BIT_CONVERSION = YES;
				GCC_WARN_ABOUT_RETURN_TYPE = YES_ERROR;
				GCC_WARN_UNDECLARED_SELECTOR = YES;
				GCC_WARN_UNINITIALIZED_AUTOS = YES_AGGRESSIVE;
				GCC_WARN_UNUSED_FUNCTION = YES;
				GCC_WARN_UNUSED_VARIABLE = YES;
				MACOSX_DEPLOYMENT_TARGET = 10.9;
				ONLY_ACTIVE_ARCH = YES;
				SDKROOT = macosx;
			};
			name = Debug;
		};
		40BBBE501913BE1800AA5BC2 /* Release */ = {
			isa = XCBuildConfiguration;
			buildSettings = {
				ALWAYS_SEARCH_USER_PATHS = NO;
				CLANG_CXX_LANGUAGE_STANDARD = "gnu++0x";
				CLANG_CXX_LIBRARY = "libc++";
				CLANG_ENABLE_MODULES = YES;
				CLANG_ENABLE_OBJC_ARC = YES;
				CLANG_WARN_BOOL_CONVERSION = YES;
				CLANG_WARN_CONSTANT_CONVERSION = YES;
				CLANG_WARN_DIRECT_OBJC_ISA_USAGE = YES_ERROR;
				CLANG_WARN_EMPTY_BODY = YES;
				CLANG_WARN_ENUM_CONVERSION = YES;
				CLANG_WARN_INT_CONVERSION = YES;
				CLANG_WARN_OBJC_ROOT_CLASS = YES_ERROR;
				CLANG_WARN__DUPLICATE_METHOD_MATCH = YES;
				COPY_PHASE_STRIP = YES;
				DEBUG_INFORMATION_FORMAT = "dwarf-with-dsym";
				ENABLE_NS_ASSERTIONS = NO;
				GCC_C_LANGUAGE_STANDARD = gnu99;
				GCC_ENABLE_OBJC_EXCEPTIONS = YES;
				GCC_WARN_64_TO_32_BIT_CONVERSION = YES;
				GCC_WARN_ABOUT_RETURN_TYPE = YES_ERROR;
				GCC_WARN_UNDECLARED_SELECTOR = YES;
				GCC_WARN_UNINITIALIZED_AUTOS = YES_AGGRESSIVE;
				GCC_WARN_UNUSED_FUNCTION = YES;
				GCC_WARN_UNUSED_VARIABLE = YES;
				MACOSX_DEPLOYMENT_TARGET = 10.9;
				SDKROOT = macosx;
			};
			name = Release;
		};
		40BBBE521913BE1800AA5BC2 /* Debug */ = {
			isa = XCBuildConfiguration;
			buildSettings = {
				ASSETCATALOG_COMPILER_APPICON_NAME = AppIcon;
				COMBINE_HIDPI_IMAGES = YES;
				GCC_PRECOMPILE_PREFIX_HEADER = YES;
				GCC_PREFIX_HEADER = "Passsword Generator/Passsword Generator-Prefix.pch";
				INFOPLIST_FILE = "Passsword Generator/Passsword Generator-Info.plist";
				PRODUCT_NAME = "$(TARGET_NAME)";
				WRAPPER_EXTENSION = app;
			};
			name = Debug;
		};
		40BBBE531913BE1800AA5BC2 /* Release */ = {
			isa = XCBuildConfiguration;
			buildSettings = {
				ASSETCATALOG_COMPILER_APPICON_NAME = AppIcon;
				COMBINE_HIDPI_IMAGES = YES;
				GCC_PRECOMPILE_PREFIX_HEADER = YES;
				GCC_PREFIX_HEADER = "Passsword Generator/Passsword Generator-Prefix.pch";
				INFOPLIST_FILE = "Passsword Generator/Passsword Generator-Info.plist";
				PRODUCT_NAME = "$(TARGET_NAME)";
				WRAPPER_EXTENSION = app;
			};
			name = Release;
		};
		40BBBE551913BE1800AA5BC2 /* Debug */ = {
			isa = XCBuildConfiguration;
			buildSettings = {
				BUNDLE_LOADER = "$(BUILT_PRODUCTS_DIR)/Passsword Generator.app/Contents/MacOS/Passsword Generator";
				COMBINE_HIDPI_IMAGES = YES;
				FRAMEWORK_SEARCH_PATHS = (
					"$(DEVELOPER_FRAMEWORKS_DIR)",
					"$(inherited)",
				);
				GCC_PRECOMPILE_PREFIX_HEADER = YES;
				GCC_PREFIX_HEADER = "Passsword Generator/Passsword Generator-Prefix.pch";
				GCC_PREPROCESSOR_DEFINITIONS = (
					"DEBUG=1",
					"$(inherited)",
				);
				INFOPLIST_FILE = "Passsword GeneratorTests/Passsword GeneratorTests-Info.plist";
				PRODUCT_NAME = "$(TARGET_NAME)";
				TEST_HOST = "$(BUNDLE_LOADER)";
				WRAPPER_EXTENSION = xctest;
			};
			name = Debug;
		};
		40BBBE561913BE1800AA5BC2 /* Release */ = {
			isa = XCBuildConfiguration;
			buildSettings = {
				BUNDLE_LOADER = "$(BUILT_PRODUCTS_DIR)/Passsword Generator.app/Contents/MacOS/Passsword Generator";
				COMBINE_HIDPI_IMAGES = YES;
				FRAMEWORK_SEARCH_PATHS = (
					"$(DEVELOPER_FRAMEWORKS_DIR)",
					"$(inherited)",
				);
				GCC_PRECOMPILE_PREFIX_HEADER = YES;
				GCC_PREFIX_HEADER = "Passsword Generator/Passsword Generator-Prefix.pch";
				INFOPLIST_FILE = "Passsword GeneratorTests/Passsword GeneratorTests-Info.plist";
				PRODUCT_NAME = "$(TARGET_NAME)";
				TEST_HOST = "$(BUNDLE_LOADER)";
				WRAPPER_EXTENSION = xctest;
			};
			name = Release;
		};
/* End XCBuildConfiguration section */

/* Begin XCConfigurationList section */
		40BBBE1B1913BE1800AA5BC2 /* Build configuration list for PBXProject "Passsword Generator" */ = {
			isa = XCConfigurationList;
			buildConfigurations = (
				40BBBE4F1913BE1800AA5BC2 /* Debug */,
				40BBBE501913BE1800AA5BC2 /* Release */,
			);
			defaultConfigurationIsVisible = 0;
			defaultConfigurationName = Release;
		};
		40BBBE511913BE1800AA5BC2 /* Build configuration list for PBXNativeTarget "Passsword Generator" */ = {
			isa = XCConfigurationList;
			buildConfigurations = (
				40BBBE521913BE1800AA5BC2 /* Debug */,
				40BBBE531913BE1800AA5BC2 /* Release */,
			);
			defaultConfigurationIsVisible = 0;
			defaultConfigurationName = Release;
		};
		40BBBE541913BE1800AA5BC2 /* Build configuration list for PBXNativeTarget "Passsword GeneratorTests" */ = {
			isa = XCConfigurationList;
			buildConfigurations = (
				40BBBE551913BE1800AA5BC2 /* Debug */,
				40BBBE561913BE1800AA5BC2 /* Release */,
			);
			defaultConfigurationIsVisible = 0;
			defaultConfigurationName = Release;
		};
/* End XCConfigurationList section */
	};
	rootObject = 40BBBE181913BE1800AA5BC2 /* Project object */;
}
